{
  "name": "@aws-solutions-constructs/core",
  "version": "1.63.0",
  "lockfileVersion": 1,
  "requires": true,
  "dependencies": {
    "@aws-cdk/assert": {
      "version": "1.63.0",
      "resolved": "https://registry.npmjs.org/@aws-cdk/assert/-/assert-1.63.0.tgz",
      "integrity": "sha512-/GHq8BmJf4IZWr5iFswpuyxLkY+lQo6hRxHvZu803k1edX7cm66B2W2iQIlwmuY5BCWOgKx3EjVfezJq4eriHw==",
      "dev": true,
      "requires": {
        "@aws-cdk/cloud-assembly-schema": "1.63.0",
        "@aws-cdk/cloudformation-diff": "1.63.0",
        "@aws-cdk/core": "1.63.0",
        "@aws-cdk/cx-api": "1.63.0",
        "constructs": "^3.0.4"
      }
    },
    "@aws-cdk/assets": {
      "version": "1.63.0",
      "resolved": "https://registry.npmjs.org/@aws-cdk/assets/-/assets-1.63.0.tgz",
      "integrity": "sha512-KJU+W8uB0MCGY5pqNgEE3uOEwkdEYL3V37IIzKBc5UfLdADzYfaDQ/L9pbCLvzduAg7moOh7atw59WrqQUn1zA==",
      "requires": {
        "@aws-cdk/core": "1.63.0",
        "@aws-cdk/cx-api": "1.63.0",
        "constructs": "^3.0.4"
      }
    },
    "@aws-cdk/aws-apigateway": {
      "version": "1.63.0",
      "resolved": "https://registry.npmjs.org/@aws-cdk/aws-apigateway/-/aws-apigateway-1.63.0.tgz",
      "integrity": "sha512-RiDKAaWeYA5qPqrXO50MmevK1lpD1RXSGuHjNKjwWMAHBEIl5O9xM/cj++CgMQpy9ZE6WmmQx11jGezT5g+QIw==",
      "requires": {
        "@aws-cdk/assets": "1.63.0",
        "@aws-cdk/aws-certificatemanager": "1.63.0",
        "@aws-cdk/aws-ec2": "1.63.0",
        "@aws-cdk/aws-elasticloadbalancingv2": "1.63.0",
        "@aws-cdk/aws-iam": "1.63.0",
        "@aws-cdk/aws-lambda": "1.63.0",
        "@aws-cdk/aws-logs": "1.63.0",
        "@aws-cdk/aws-s3": "1.63.0",
        "@aws-cdk/aws-s3-assets": "1.63.0",
        "@aws-cdk/core": "1.63.0",
        "@aws-cdk/cx-api": "1.63.0",
        "constructs": "^3.0.4"
      }
    },
    "@aws-cdk/aws-applicationautoscaling": {
      "version": "1.63.0",
      "resolved": "https://registry.npmjs.org/@aws-cdk/aws-applicationautoscaling/-/aws-applicationautoscaling-1.63.0.tgz",
      "integrity": "sha512-HIsShlgVOj3mEa5CsrySE8P2XElpvIcH6Sw6ZmhWNdg5tLDXGan4mit2apYL+zuiGcgeBZ/C9eArgWi/w+/6+A==",
      "requires": {
        "@aws-cdk/aws-autoscaling-common": "1.63.0",
        "@aws-cdk/aws-cloudwatch": "1.63.0",
        "@aws-cdk/aws-iam": "1.63.0",
        "@aws-cdk/core": "1.63.0",
        "constructs": "^3.0.4"
      }
    },
    "@aws-cdk/aws-autoscaling-common": {
      "version": "1.63.0",
      "resolved": "https://registry.npmjs.org/@aws-cdk/aws-autoscaling-common/-/aws-autoscaling-common-1.63.0.tgz",
      "integrity": "sha512-Uhj8v1lJjKiEesMc4Y6TRcppkeYqgiP/UkjndpwAsbDyOdyThEEH8GS1Ird6MVqvtHvbfnUf6QdTzCrIDoOOkg==",
      "requires": {
        "@aws-cdk/aws-iam": "1.63.0",
        "@aws-cdk/core": "1.63.0",
        "constructs": "^3.0.4"
      }
    },
    "@aws-cdk/aws-certificatemanager": {
      "version": "1.63.0",
      "resolved": "https://registry.npmjs.org/@aws-cdk/aws-certificatemanager/-/aws-certificatemanager-1.63.0.tgz",
      "integrity": "sha512-bgfAtdanJJwIsPX2SRvJk8Go5+v6FTu38USk1/yxHePGUhs+NllPZrrCCD8buKyXdobGG0DDWYbHWPhbigUHOA==",
      "requires": {
        "@aws-cdk/aws-iam": "1.63.0",
        "@aws-cdk/aws-lambda": "1.63.0",
        "@aws-cdk/aws-route53": "1.63.0",
        "@aws-cdk/core": "1.63.0",
        "constructs": "^3.0.4"
      }
    },
    "@aws-cdk/aws-cloudformation": {
      "version": "1.63.0",
      "resolved": "https://registry.npmjs.org/@aws-cdk/aws-cloudformation/-/aws-cloudformation-1.63.0.tgz",
      "integrity": "sha512-Su66ENBnMZtr7HyuUCEqFZVCXMB2O6VCe/gFrIlavKJglkZJDTRlb4EyD2VIk6ZKCzr2CK3tJ+/h77JESmllSg==",
      "requires": {
        "@aws-cdk/aws-iam": "1.63.0",
        "@aws-cdk/aws-lambda": "1.63.0",
        "@aws-cdk/aws-s3": "1.63.0",
        "@aws-cdk/aws-sns": "1.63.0",
        "@aws-cdk/core": "1.63.0",
        "@aws-cdk/cx-api": "1.63.0",
        "constructs": "^3.0.4"
      }
    },
    "@aws-cdk/aws-cloudfront": {
      "version": "1.63.0",
      "resolved": "https://registry.npmjs.org/@aws-cdk/aws-cloudfront/-/aws-cloudfront-1.63.0.tgz",
      "integrity": "sha512-4JX28bdasVAfXqSdsJthTyyxiYdzqpSBxay7O2DuE/9BqK7kW6eAVC8yvXvZ9avsmD/mEx4xUoFhgU1ykPYgow==",
      "requires": {
        "@aws-cdk/aws-certificatemanager": "1.63.0",
        "@aws-cdk/aws-iam": "1.63.0",
        "@aws-cdk/aws-kms": "1.63.0",
        "@aws-cdk/aws-lambda": "1.63.0",
        "@aws-cdk/aws-s3": "1.63.0",
        "@aws-cdk/core": "1.63.0",
        "constructs": "^3.0.4"
      }
    },
    "@aws-cdk/aws-cloudfront-origins": {
      "version": "1.63.0",
      "resolved": "https://registry.npmjs.org/@aws-cdk/aws-cloudfront-origins/-/aws-cloudfront-origins-1.63.0.tgz",
      "integrity": "sha512-V/xr1Z6hHZ9YFVyd0nVhjBkZ4rEPC9On5VwQiyAJdzUA8djZGoN+UwBoCKmjoPrNckoIWCuDQFWXGANHm/CE9Q==",
      "requires": {
        "@aws-cdk/aws-cloudfront": "1.63.0",
        "@aws-cdk/aws-elasticloadbalancingv2": "1.63.0",
        "@aws-cdk/aws-s3": "1.63.0",
        "@aws-cdk/core": "1.63.0",
        "constructs": "^3.0.4"
      }
    },
    "@aws-cdk/aws-cloudwatch": {
      "version": "1.63.0",
      "resolved": "https://registry.npmjs.org/@aws-cdk/aws-cloudwatch/-/aws-cloudwatch-1.63.0.tgz",
      "integrity": "sha512-evM2B+Q7ou3SGQsf+yS/SyAm82EKhEndllxXQSFDBSnoNGzl+s8jzebIAXay/2o1+5kj4/sv8p6Itxg+XsZKYQ==",
      "requires": {
        "@aws-cdk/aws-iam": "1.63.0",
        "@aws-cdk/core": "1.63.0",
        "constructs": "^3.0.4"
      }
    },
    "@aws-cdk/aws-codeguruprofiler": {
      "version": "1.63.0",
      "resolved": "https://registry.npmjs.org/@aws-cdk/aws-codeguruprofiler/-/aws-codeguruprofiler-1.63.0.tgz",
      "integrity": "sha512-H2Jxc4CwmtUVkVTKqxZz5kYqJVhXeHMkZCzjCWtO/EjuLCI4VO2CWezkXOtVi3UCIJhwdg4vZ/uKy6zZj9EHPw==",
      "requires": {
        "@aws-cdk/aws-iam": "1.63.0",
        "@aws-cdk/core": "1.63.0"
      }
    },
    "@aws-cdk/aws-cognito": {
      "version": "1.63.0",
      "resolved": "https://registry.npmjs.org/@aws-cdk/aws-cognito/-/aws-cognito-1.63.0.tgz",
      "integrity": "sha512-2MpnkXqA4MSnqb1k/sl3aWcCwvcHRs8/zjgsKQgLgxaRWg4nlVAsIP1KgJsx5eCt8at+JGyMzQSByH6XOpqkDg==",
      "requires": {
        "@aws-cdk/aws-certificatemanager": "1.63.0",
        "@aws-cdk/aws-iam": "1.63.0",
        "@aws-cdk/aws-lambda": "1.63.0",
        "@aws-cdk/core": "1.63.0",
        "@aws-cdk/custom-resources": "1.63.0",
        "constructs": "^3.0.4"
      }
    },
    "@aws-cdk/aws-dynamodb": {
      "version": "1.63.0",
      "resolved": "https://registry.npmjs.org/@aws-cdk/aws-dynamodb/-/aws-dynamodb-1.63.0.tgz",
      "integrity": "sha512-4HzJzhHHeC/xjvPz/wBSSSQeZWWXxtsnU+YxFNCiWwviaMoVfl/e60sbWLYjPQ6zn1MM8UdyrcaMvt1QKN63WQ==",
      "requires": {
        "@aws-cdk/aws-applicationautoscaling": "1.63.0",
        "@aws-cdk/aws-cloudwatch": "1.63.0",
        "@aws-cdk/aws-iam": "1.63.0",
        "@aws-cdk/aws-kms": "1.63.0",
        "@aws-cdk/aws-lambda": "1.63.0",
        "@aws-cdk/core": "1.63.0",
        "@aws-cdk/custom-resources": "1.63.0",
        "constructs": "^3.0.4"
      }
    },
    "@aws-cdk/aws-ec2": {
      "version": "1.63.0",
      "resolved": "https://registry.npmjs.org/@aws-cdk/aws-ec2/-/aws-ec2-1.63.0.tgz",
      "integrity": "sha512-EXijZZbEoRtjyf/53Tw0GA49IgCuiMfueldSNyUKXgQbiYmwmi+oJPDSsYKkxaLCd/E5G3aqIlI/gpHDR3SuUg==",
      "requires": {
        "@aws-cdk/aws-cloudwatch": "1.63.0",
        "@aws-cdk/aws-iam": "1.63.0",
        "@aws-cdk/aws-kms": "1.63.0",
        "@aws-cdk/aws-logs": "1.63.0",
        "@aws-cdk/aws-s3": "1.63.0",
        "@aws-cdk/aws-s3-assets": "1.63.0",
        "@aws-cdk/aws-ssm": "1.63.0",
        "@aws-cdk/cloud-assembly-schema": "1.63.0",
        "@aws-cdk/core": "1.63.0",
        "@aws-cdk/cx-api": "1.63.0",
        "@aws-cdk/region-info": "1.63.0",
        "constructs": "^3.0.4"
      }
    },
    "@aws-cdk/aws-efs": {
      "version": "1.63.0",
      "resolved": "https://registry.npmjs.org/@aws-cdk/aws-efs/-/aws-efs-1.63.0.tgz",
      "integrity": "sha512-goq0Ogy0tWtUpmJMMU36loJHVDM7dqipsxfuq9e4vck6x/mNh7jGdz6/L0INEi+771BwnXlOKAqttb414UYm4g==",
      "requires": {
        "@aws-cdk/aws-ec2": "1.63.0",
        "@aws-cdk/aws-kms": "1.63.0",
        "@aws-cdk/cloud-assembly-schema": "1.63.0",
        "@aws-cdk/core": "1.63.0",
        "@aws-cdk/cx-api": "1.63.0",
        "constructs": "^3.0.4"
      }
    },
    "@aws-cdk/aws-elasticloadbalancingv2": {
      "version": "1.63.0",
      "resolved": "https://registry.npmjs.org/@aws-cdk/aws-elasticloadbalancingv2/-/aws-elasticloadbalancingv2-1.63.0.tgz",
      "integrity": "sha512-yVCW8ocKaO6MpxUDtAqRhXNwYrrdu1G7VLP7AC5j4/RG/mj/OuyQpa8PXjioqvDuaBjJkxZ1T3UH6ZZfdpg7SQ==",
      "requires": {
        "@aws-cdk/aws-certificatemanager": "1.63.0",
        "@aws-cdk/aws-cloudwatch": "1.63.0",
        "@aws-cdk/aws-ec2": "1.63.0",
        "@aws-cdk/aws-iam": "1.63.0",
        "@aws-cdk/aws-lambda": "1.63.0",
        "@aws-cdk/aws-s3": "1.63.0",
        "@aws-cdk/core": "1.63.0",
        "@aws-cdk/region-info": "1.63.0",
        "constructs": "^3.0.4"
      }
    },
    "@aws-cdk/aws-elasticsearch": {
      "version": "1.63.0",
      "resolved": "https://registry.npmjs.org/@aws-cdk/aws-elasticsearch/-/aws-elasticsearch-1.63.0.tgz",
      "integrity": "sha512-dWhqxuKi4meOP1JtSmgsTwlSaWGrU34MVSrmslPQ0+S/qFaYGrzzW+WnvrsQz0fYCERZ1aDG3HgCNYUNdBY2Sg==",
      "requires": {
        "@aws-cdk/core": "1.63.0",
        "constructs": "^3.0.4"
      }
    },
    "@aws-cdk/aws-events": {
      "version": "1.63.0",
      "resolved": "https://registry.npmjs.org/@aws-cdk/aws-events/-/aws-events-1.63.0.tgz",
      "integrity": "sha512-9bltq/INjMxiCAahtk0QiI+953yk7EvhcA72VNdKmUVIjQsCIzwHwF78ojBtVEtTVrNpPrMKch+pomxjTKvwOg==",
      "requires": {
        "@aws-cdk/aws-iam": "1.63.0",
        "@aws-cdk/core": "1.63.0",
        "constructs": "^3.0.4"
      }
    },
    "@aws-cdk/aws-iam": {
      "version": "1.63.0",
      "resolved": "https://registry.npmjs.org/@aws-cdk/aws-iam/-/aws-iam-1.63.0.tgz",
      "integrity": "sha512-d+kkz9I9v5an3RrsmOhXxyQLop/SB90YoDfmpd9JdKkDyMGSZN+e5IMvqye0iGC7rfA6tkVQb9tVEBdlXvZbZQ==",
      "requires": {
        "@aws-cdk/core": "1.63.0",
        "@aws-cdk/region-info": "1.63.0",
        "constructs": "^3.0.4"
      }
    },
    "@aws-cdk/aws-iot": {
      "version": "1.63.0",
      "resolved": "https://registry.npmjs.org/@aws-cdk/aws-iot/-/aws-iot-1.63.0.tgz",
      "integrity": "sha512-widknWGYycTu00u2a7jXgc+SxNXnKhChGDh4VnU/Mdev7uyeTArB0ndw1pr56t/GMIjyS3Z/46qRnBzNFUjtQg==",
      "requires": {
        "@aws-cdk/core": "1.63.0",
        "constructs": "^3.0.4"
      }
    },
    "@aws-cdk/aws-kinesis": {
      "version": "1.63.0",
      "resolved": "https://registry.npmjs.org/@aws-cdk/aws-kinesis/-/aws-kinesis-1.63.0.tgz",
      "integrity": "sha512-s+CmlFt8eQ8pPWsYrIqJ1D7qVmq6KSR6PKQxVAWaKDQs018JeJNUVHEy/0Bn/POMIAvNKIQQAFYOT76NakxPXw==",
      "requires": {
        "@aws-cdk/aws-iam": "1.63.0",
        "@aws-cdk/aws-kms": "1.63.0",
        "@aws-cdk/aws-logs": "1.63.0",
        "@aws-cdk/core": "1.63.0",
        "constructs": "^3.0.4"
      }
    },
    "@aws-cdk/aws-kinesisanalytics": {
      "version": "1.63.0",
      "resolved": "https://registry.npmjs.org/@aws-cdk/aws-kinesisanalytics/-/aws-kinesisanalytics-1.63.0.tgz",
      "integrity": "sha512-+tulEyh6LujgE+POUNMGI9rAHE+5ssCdScrQ9DUEaceyeWUQFg7w6RKrOMuGKVvp21VNZgYPBM4ZvwHGPa2DWg==",
      "requires": {
        "@aws-cdk/core": "1.63.0",
        "constructs": "^3.0.4"
      }
    },
    "@aws-cdk/aws-kinesisfirehose": {
      "version": "1.63.0",
      "resolved": "https://registry.npmjs.org/@aws-cdk/aws-kinesisfirehose/-/aws-kinesisfirehose-1.63.0.tgz",
      "integrity": "sha512-TJe+LnMaIkOCI5IRa82MPUyxS8U0re2GQHZS3Aqlr+GqZKFYFV9GuhU1cz/1sjwsSNYdPda0lPxQ2Wyl9uIQdw==",
      "requires": {
        "@aws-cdk/core": "1.63.0",
        "constructs": "^3.0.4"
      }
    },
    "@aws-cdk/aws-kms": {
      "version": "1.63.0",
      "resolved": "https://registry.npmjs.org/@aws-cdk/aws-kms/-/aws-kms-1.63.0.tgz",
      "integrity": "sha512-qeaq+5iwybkkiCmoO9M+x0ruXOxqF4UgGH0EN9FXrTRA5G+oXpu+SPjM94IA5mpSZLDukuqE17suPT3OPL3yIQ==",
      "requires": {
        "@aws-cdk/aws-iam": "1.63.0",
        "@aws-cdk/core": "1.63.0",
        "constructs": "^3.0.4"
      }
    },
    "@aws-cdk/aws-lambda": {
      "version": "1.63.0",
      "resolved": "https://registry.npmjs.org/@aws-cdk/aws-lambda/-/aws-lambda-1.63.0.tgz",
      "integrity": "sha512-dOvkAA2iYavTnXzccQzmN/QgIWPlfG0oLIdotgIVo/uXwXHeqIafNwiOkNVj5FM3YYU7iKKVh168iPj9C3/fng==",
      "requires": {
        "@aws-cdk/aws-applicationautoscaling": "1.63.0",
        "@aws-cdk/aws-cloudwatch": "1.63.0",
        "@aws-cdk/aws-codeguruprofiler": "1.63.0",
        "@aws-cdk/aws-ec2": "1.63.0",
        "@aws-cdk/aws-efs": "1.63.0",
        "@aws-cdk/aws-events": "1.63.0",
        "@aws-cdk/aws-iam": "1.63.0",
        "@aws-cdk/aws-logs": "1.63.0",
        "@aws-cdk/aws-s3": "1.63.0",
        "@aws-cdk/aws-s3-assets": "1.63.0",
        "@aws-cdk/aws-sqs": "1.63.0",
        "@aws-cdk/core": "1.63.0",
        "@aws-cdk/cx-api": "1.63.0",
        "constructs": "^3.0.4"
      }
    },
    "@aws-cdk/aws-lambda-event-sources": {
      "version": "1.63.0",
      "resolved": "https://registry.npmjs.org/@aws-cdk/aws-lambda-event-sources/-/aws-lambda-event-sources-1.63.0.tgz",
      "integrity": "sha512-dGIcwm96/IngVcyzM3yBF8C81xhbcXyMhrJEFkFXq09YoF6CuFcITJChDaJBMGhZwhsi5goiS+gf66EOtTr7DQ==",
      "requires": {
        "@aws-cdk/aws-apigateway": "1.63.0",
        "@aws-cdk/aws-dynamodb": "1.63.0",
        "@aws-cdk/aws-events": "1.63.0",
        "@aws-cdk/aws-iam": "1.63.0",
        "@aws-cdk/aws-kinesis": "1.63.0",
        "@aws-cdk/aws-lambda": "1.63.0",
        "@aws-cdk/aws-s3": "1.63.0",
        "@aws-cdk/aws-s3-notifications": "1.63.0",
        "@aws-cdk/aws-sns": "1.63.0",
        "@aws-cdk/aws-sns-subscriptions": "1.63.0",
        "@aws-cdk/aws-sqs": "1.63.0",
        "@aws-cdk/core": "1.63.0",
        "constructs": "^3.0.4"
      }
    },
    "@aws-cdk/aws-logs": {
      "version": "1.63.0",
      "resolved": "https://registry.npmjs.org/@aws-cdk/aws-logs/-/aws-logs-1.63.0.tgz",
      "integrity": "sha512-3i8zE5jLFu7sIQ/4n4+crP+PipQ0xNy1gc4lnwVZLEfG5kuXQmcUVFssG6twKnz986MGqDqPj0/eGKSRDgqccw==",
      "requires": {
        "@aws-cdk/aws-cloudwatch": "1.63.0",
        "@aws-cdk/aws-iam": "1.63.0",
        "@aws-cdk/aws-s3-assets": "1.63.0",
        "@aws-cdk/core": "1.63.0",
        "constructs": "^3.0.4"
      }
    },
    "@aws-cdk/aws-route53": {
      "version": "1.63.0",
      "resolved": "https://registry.npmjs.org/@aws-cdk/aws-route53/-/aws-route53-1.63.0.tgz",
      "integrity": "sha512-mimqxmWGH2K3pCwGP1nQ77W8+fivmKJaDRpYv6jX2kliL42WfFKlqm1yDrSdg82+HLTxUjpET374z45U4DrPLQ==",
      "requires": {
        "@aws-cdk/aws-ec2": "1.63.0",
        "@aws-cdk/aws-logs": "1.63.0",
        "@aws-cdk/cloud-assembly-schema": "1.63.0",
        "@aws-cdk/core": "1.63.0",
        "constructs": "^3.0.4"
      }
    },
    "@aws-cdk/aws-s3": {
      "version": "1.63.0",
      "resolved": "https://registry.npmjs.org/@aws-cdk/aws-s3/-/aws-s3-1.63.0.tgz",
      "integrity": "sha512-IOb9oeLTavSxbM1UYgq+tei9kdpxZHmR8YztYnlahRJphetrI9q8XiayJ69yr60LHvojGTC6ATdpFB41vIwUqQ==",
      "requires": {
        "@aws-cdk/aws-events": "1.63.0",
        "@aws-cdk/aws-iam": "1.63.0",
        "@aws-cdk/aws-kms": "1.63.0",
        "@aws-cdk/core": "1.63.0",
        "constructs": "^3.0.4"
      }
    },
    "@aws-cdk/aws-s3-assets": {
      "version": "1.63.0",
      "resolved": "https://registry.npmjs.org/@aws-cdk/aws-s3-assets/-/aws-s3-assets-1.63.0.tgz",
      "integrity": "sha512-jEASdZ84XBfZ8EVT9MAJh+ev54AGplzD0YAkNN1sMxM2ueGKEH4J8nO82tyEwzuEEyIRe6l1i0tRBkFekuhtNQ==",
      "requires": {
        "@aws-cdk/assets": "1.63.0",
        "@aws-cdk/aws-iam": "1.63.0",
        "@aws-cdk/aws-kms": "1.63.0",
        "@aws-cdk/aws-s3": "1.63.0",
        "@aws-cdk/core": "1.63.0",
        "@aws-cdk/cx-api": "1.63.0",
        "constructs": "^3.0.4"
      }
    },
    "@aws-cdk/aws-s3-notifications": {
      "version": "1.63.0",
      "resolved": "https://registry.npmjs.org/@aws-cdk/aws-s3-notifications/-/aws-s3-notifications-1.63.0.tgz",
      "integrity": "sha512-EBXqNTCuZ4S8oi0dtdvBiyPIS1jHUwwTIf18gKKcwHik4tIZGNlzjturzxKHf8PGJBBI6u5DZOnPPzPYa4Jgtw==",
      "requires": {
        "@aws-cdk/aws-iam": "1.63.0",
        "@aws-cdk/aws-lambda": "1.63.0",
        "@aws-cdk/aws-s3": "1.63.0",
        "@aws-cdk/aws-sns": "1.63.0",
        "@aws-cdk/aws-sqs": "1.63.0",
        "@aws-cdk/core": "1.63.0",
        "constructs": "^3.0.4"
      }
    },
    "@aws-cdk/aws-sagemaker": {
      "version": "1.63.0",
      "resolved": "https://registry.npmjs.org/@aws-cdk/aws-sagemaker/-/aws-sagemaker-1.63.0.tgz",
      "integrity": "sha512-UX9QXepMscxSTyjoX/C3/9o33SADNKGwlp/avhdCHEgDBdEK/BUkMPfiTvelRalhm3W/4AxoCFVHTtZitAcXmw==",
      "requires": {
        "@aws-cdk/core": "1.63.0",
        "constructs": "^3.0.4"
      }
    },
    "@aws-cdk/aws-sns": {
      "version": "1.63.0",
      "resolved": "https://registry.npmjs.org/@aws-cdk/aws-sns/-/aws-sns-1.63.0.tgz",
      "integrity": "sha512-x93WSxLhx5F/T5TZ/im/5QUwZRiHMOGqrsiNvEwbaqWoGCMbZOxLRn5Aqy8ApPUxHPs6//+ck9qwme1EFsO7TA==",
      "requires": {
        "@aws-cdk/aws-cloudwatch": "1.63.0",
        "@aws-cdk/aws-events": "1.63.0",
        "@aws-cdk/aws-iam": "1.63.0",
        "@aws-cdk/aws-kms": "1.63.0",
        "@aws-cdk/aws-sqs": "1.63.0",
        "@aws-cdk/core": "1.63.0",
        "constructs": "^3.0.4"
      }
    },
    "@aws-cdk/aws-sns-subscriptions": {
      "version": "1.63.0",
      "resolved": "https://registry.npmjs.org/@aws-cdk/aws-sns-subscriptions/-/aws-sns-subscriptions-1.63.0.tgz",
      "integrity": "sha512-W14D7htxPteoW2u+RaRlFmO+HGoG02tR/p00De6BtaRQKQar4zpVOQfIW2AuUyv4eeuCEg16cRwSZP8cBUxOCg==",
      "requires": {
        "@aws-cdk/aws-iam": "1.63.0",
        "@aws-cdk/aws-lambda": "1.63.0",
        "@aws-cdk/aws-sns": "1.63.0",
        "@aws-cdk/aws-sqs": "1.63.0",
        "@aws-cdk/core": "1.63.0",
        "constructs": "^3.0.4"
      }
    },
    "@aws-cdk/aws-sqs": {
      "version": "1.63.0",
      "resolved": "https://registry.npmjs.org/@aws-cdk/aws-sqs/-/aws-sqs-1.63.0.tgz",
      "integrity": "sha512-Y7UhpiwLUyB6wQA82DymmMkD5Vpqix9gHkst92T2wjKKNvWkJgsWV3hbpGxN22IaZnSljonwNU9UHSiDZkLG/Q==",
      "requires": {
        "@aws-cdk/aws-cloudwatch": "1.63.0",
        "@aws-cdk/aws-iam": "1.63.0",
        "@aws-cdk/aws-kms": "1.63.0",
        "@aws-cdk/core": "1.63.0",
        "constructs": "^3.0.4"
      }
    },
    "@aws-cdk/aws-ssm": {
      "version": "1.63.0",
      "resolved": "https://registry.npmjs.org/@aws-cdk/aws-ssm/-/aws-ssm-1.63.0.tgz",
      "integrity": "sha512-yYI3TSczkcpIjaqkOX37UCjLLZ2YYe9ll/QF8xNCjrB0OSZgaptpOkayWOcLaGePG8aTGMQafeVGQr2BZ0n6VQ==",
      "requires": {
        "@aws-cdk/aws-iam": "1.63.0",
        "@aws-cdk/aws-kms": "1.63.0",
        "@aws-cdk/cloud-assembly-schema": "1.63.0",
        "@aws-cdk/core": "1.63.0",
        "constructs": "^3.0.4"
      }
    },
    "@aws-cdk/aws-stepfunctions": {
      "version": "1.63.0",
      "resolved": "https://registry.npmjs.org/@aws-cdk/aws-stepfunctions/-/aws-stepfunctions-1.63.0.tgz",
      "integrity": "sha512-ByGqDtPZVw3gb7mFqNKwHpBokMNfG2lc+5barVoowfii/MvFcuu6OsbmirQ82JB3G3rWBIZcpzT6cXICUto/Sg==",
      "requires": {
        "@aws-cdk/aws-cloudwatch": "1.63.0",
        "@aws-cdk/aws-events": "1.63.0",
        "@aws-cdk/aws-iam": "1.63.0",
        "@aws-cdk/aws-logs": "1.63.0",
        "@aws-cdk/core": "1.63.0",
        "constructs": "^3.0.4"
      }
    },
    "@aws-cdk/cfnspec": {
      "version": "1.63.0",
      "resolved": "https://registry.npmjs.org/@aws-cdk/cfnspec/-/cfnspec-1.63.0.tgz",
      "integrity": "sha512-T0w3hitcOFHB+yXtUntbI/0xUvdTIXmd+EfqQXcXH+U1b5+twvah4IJNQpDxBAZ7yVxuPfFXlIYjD3KvglgqmQ==",
      "dev": true,
      "requires": {
        "md5": "^2.3.0"
      }
    },
    "@aws-cdk/cloud-assembly-schema": {
      "version": "1.63.0",
      "resolved": "https://registry.npmjs.org/@aws-cdk/cloud-assembly-schema/-/cloud-assembly-schema-1.63.0.tgz",
      "integrity": "sha512-5Pf23ahuGRuRrQ2Q8NkPY3H1zVIIM8yGwFOx3J/VA+cQHMcOSLcVSQXCEJuhRQgXnxkw4NqIyadERCrs4Jgbhg==",
      "requires": {
        "jsonschema": "^1.2.5",
        "semver": "^7.2.2"
      },
      "dependencies": {
        "jsonschema": {
          "version": "1.2.6",
          "bundled": true
        },
        "semver": {
          "version": "7.3.2",
          "bundled": true
        }
      }
    },
    "@aws-cdk/cloudformation-diff": {
      "version": "1.63.0",
      "resolved": "https://registry.npmjs.org/@aws-cdk/cloudformation-diff/-/cloudformation-diff-1.63.0.tgz",
      "integrity": "sha512-vhRBOuLg7USeRrOF4DE3TxCASdLWWWOEmyWlN/+VX6FkwklCgAa7aK3kFzhCtgPvaaA9u+RGR2wUjJR/nrP0ag==",
      "dev": true,
      "requires": {
        "@aws-cdk/cfnspec": "1.63.0",
        "colors": "^1.4.0",
        "diff": "^4.0.2",
        "fast-deep-equal": "^3.1.3",
        "string-width": "^4.2.0",
        "table": "^5.4.6"
      },
      "dependencies": {
        "ansi-regex": {
          "version": "5.0.0",
          "resolved": "https://registry.npmjs.org/ansi-regex/-/ansi-regex-5.0.0.tgz",
          "integrity": "sha512-bY6fj56OUQ0hU1KjFNDQuJFezqKdrAyFdIevADiqrWHwSlbmBNMHp5ak2f40Pm8JTFyM2mqxkG6ngkHO11f/lg==",
          "dev": true
        },
        "is-fullwidth-code-point": {
          "version": "3.0.0",
          "resolved": "https://registry.npmjs.org/is-fullwidth-code-point/-/is-fullwidth-code-point-3.0.0.tgz",
          "integrity": "sha512-zymm5+u+sCsSWyD9qNaejV3DFvhCKclKdizYaJUuHA83RLjb7nSuGnddCHGv0hk+KY7BMAlsWeK4Ueg6EV6XQg==",
          "dev": true
        },
        "string-width": {
          "version": "4.2.0",
          "resolved": "https://registry.npmjs.org/string-width/-/string-width-4.2.0.tgz",
          "integrity": "sha512-zUz5JD+tgqtuDjMhwIg5uFVV3dtqZ9yQJlZVfq4I01/K5Paj5UHj7VyrQOJvzawSVlKpObApbfD0Ed6yJc+1eg==",
          "dev": true,
          "requires": {
            "emoji-regex": "^8.0.0",
            "is-fullwidth-code-point": "^3.0.0",
            "strip-ansi": "^6.0.0"
          }
        },
        "strip-ansi": {
          "version": "6.0.0",
          "resolved": "https://registry.npmjs.org/strip-ansi/-/strip-ansi-6.0.0.tgz",
          "integrity": "sha512-AuvKTrTfQNYNIctbR1K/YGTR1756GycPsg7b9bdV9Duqur4gv6aKqHXah67Z8ImS7WEz5QVcOtlfW2rZEugt6w==",
          "dev": true,
          "requires": {
            "ansi-regex": "^5.0.0"
          }
        }
      }
    },
    "@aws-cdk/core": {
      "version": "1.63.0",
      "resolved": "https://registry.npmjs.org/@aws-cdk/core/-/core-1.63.0.tgz",
      "integrity": "sha512-ADTBFy4Jm5Fa9yExnGNrhwmmmQ94FfPTRKGVkBouJzUB8+Q6xXxMynumUfo4Vh4oAliUdRWCSeQ6U238xctRaw==",
      "requires": {
        "@aws-cdk/cloud-assembly-schema": "1.63.0",
        "@aws-cdk/cx-api": "1.63.0",
        "constructs": "^3.0.4",
        "fs-extra": "^9.0.1",
        "minimatch": "^3.0.4"
      },
      "dependencies": {
        "at-least-node": {
          "version": "1.0.0",
          "bundled": true
        },
        "balanced-match": {
          "version": "1.0.0",
          "bundled": true
        },
        "brace-expansion": {
          "version": "1.1.11",
          "bundled": true,
          "requires": {
            "balanced-match": "^1.0.0",
            "concat-map": "0.0.1"
          }
        },
        "concat-map": {
          "version": "0.0.1",
          "bundled": true
        },
        "fs-extra": {
          "version": "9.0.1",
          "bundled": true,
          "requires": {
            "at-least-node": "^1.0.0",
            "graceful-fs": "^4.2.0",
            "jsonfile": "^6.0.1",
            "universalify": "^1.0.0"
          }
        },
        "graceful-fs": {
          "version": "4.2.4",
          "bundled": true
        },
        "jsonfile": {
          "version": "6.0.1",
          "bundled": true,
          "requires": {
            "graceful-fs": "^4.1.6",
            "universalify": "^1.0.0"
          }
        },
        "minimatch": {
          "version": "3.0.4",
          "bundled": true,
          "requires": {
            "brace-expansion": "^1.1.7"
          }
        },
        "universalify": {
          "version": "1.0.0",
          "bundled": true
        }
      }
    },
    "@aws-cdk/custom-resources": {
      "version": "1.63.0",
      "resolved": "https://registry.npmjs.org/@aws-cdk/custom-resources/-/custom-resources-1.63.0.tgz",
      "integrity": "sha512-tvfKejh3MTm1D6ebR2wYgnNZkqyNHM907Po8REOC/xLvlyAe85C3kH06asI9p8zV5mblhklkLpPankFQ53hpjw==",
      "requires": {
        "@aws-cdk/aws-cloudformation": "1.63.0",
        "@aws-cdk/aws-iam": "1.63.0",
        "@aws-cdk/aws-lambda": "1.63.0",
        "@aws-cdk/aws-logs": "1.63.0",
        "@aws-cdk/aws-sns": "1.63.0",
        "@aws-cdk/core": "1.63.0",
        "constructs": "^3.0.4"
      }
    },
    "@aws-cdk/cx-api": {
      "version": "1.63.0",
      "resolved": "https://registry.npmjs.org/@aws-cdk/cx-api/-/cx-api-1.63.0.tgz",
      "integrity": "sha512-ZehT06ySkMIq1j9Wpnw1hiWqKc0T5uOZLBTwCljnUmc9cr5cZnHQvy1fv3K7lr3nI3xcSNp1I0pMBw7KQXzIdQ==",
      "requires": {
        "@aws-cdk/cloud-assembly-schema": "1.63.0",
        "semver": "^7.2.2"
      },
      "dependencies": {
        "semver": {
          "version": "7.3.2",
          "bundled": true
        }
      }
    },
    "@aws-cdk/region-info": {
      "version": "1.63.0",
      "resolved": "https://registry.npmjs.org/@aws-cdk/region-info/-/region-info-1.63.0.tgz",
      "integrity": "sha512-knjcOJRferLpYOaTWgNaA087Ttt/yKt1n7Uw3JkeKVbcnwKSzfVh4bXSxTaBzpxBWY61vhGJ+LznTThPQuV13w=="
    },
    "@jest/types": {
      "version": "24.9.0",
      "resolved": "https://registry.npmjs.org/@jest/types/-/types-24.9.0.tgz",
      "integrity": "sha512-XKK7ze1apu5JWQ5eZjHITP66AX+QsLlbaJRBGYr8pNzwcAE2JVkwnf0yqjHTsDRcjR0mujy/NmZMXw5kl+kGBw==",
      "dev": true,
      "requires": {
        "@types/istanbul-lib-coverage": "^2.0.0",
        "@types/istanbul-reports": "^1.1.1",
        "@types/yargs": "^13.0.0"
      }
    },
    "@types/deep-diff": {
      "version": "1.0.0",
      "resolved": "https://registry.npmjs.org/@types/deep-diff/-/deep-diff-1.0.0.tgz",
      "integrity": "sha512-ENsJcujGbCU/oXhDfQ12mSo/mCBWodT2tpARZKmatoSrf8+cGRCPi0KVj3I0FORhYZfLXkewXu7AoIWqiBLkNw=="
    },
    "@types/istanbul-lib-coverage": {
      "version": "2.0.3",
      "resolved": "https://registry.npmjs.org/@types/istanbul-lib-coverage/-/istanbul-lib-coverage-2.0.3.tgz",
      "integrity": "sha512-sz7iLqvVUg1gIedBOvlkxPlc8/uVzyS5OwGz1cKjXzkl3FpL3al0crU8YGU1WoHkxn0Wxbw5tyi6hvzJKNzFsw==",
      "dev": true
    },
    "@types/istanbul-lib-report": {
      "version": "3.0.0",
      "resolved": "https://registry.npmjs.org/@types/istanbul-lib-report/-/istanbul-lib-report-3.0.0.tgz",
      "integrity": "sha512-plGgXAPfVKFoYfa9NpYDAkseG+g6Jr294RqeqcqDixSbU34MZVJRi/P+7Y8GDpzkEwLaGZZOpKIEmeVZNtKsrg==",
      "dev": true,
      "requires": {
        "@types/istanbul-lib-coverage": "*"
      }
    },
    "@types/istanbul-reports": {
      "version": "1.1.2",
      "resolved": "https://registry.npmjs.org/@types/istanbul-reports/-/istanbul-reports-1.1.2.tgz",
      "integrity": "sha512-P/W9yOX/3oPZSpaYOCQzGqgCQRXn0FFO/V8bWrCQs+wLmvVVxk6CRBXALEvNs9OHIatlnlFokfhuDo2ug01ciw==",
      "dev": true,
      "requires": {
        "@types/istanbul-lib-coverage": "*",
        "@types/istanbul-lib-report": "*"
      }
    },
    "@types/jest": {
      "version": "24.9.1",
      "resolved": "https://registry.npmjs.org/@types/jest/-/jest-24.9.1.tgz",
      "integrity": "sha512-Fb38HkXSVA4L8fGKEZ6le5bB8r6MRWlOCZbVuWZcmOMSCd2wCYOwN1ibj8daIoV9naq7aaOZjrLCoCMptKU/4Q==",
      "dev": true,
      "requires": {
        "jest-diff": "^24.3.0"
      }
    },
    "@types/node": {
      "version": "10.17.28",
      "resolved": "https://registry.npmjs.org/@types/node/-/node-10.17.28.tgz",
      "integrity": "sha512-dzjES1Egb4c1a89C7lKwQh8pwjYmlOAG9dW1pBgxEk57tMrLnssOfEthz8kdkNaBd7lIqQx7APm5+mZ619IiCQ==",
      "dev": true
    },
    "@types/npmlog": {
      "version": "4.1.2",
      "resolved": "https://registry.npmjs.org/@types/npmlog/-/npmlog-4.1.2.tgz",
      "integrity": "sha512-4QQmOF5KlwfxJ5IGXFIudkeLCdMABz03RcUXu+LCb24zmln8QW6aDjuGl4d4XPVLf2j+FnjelHTP7dvceAFbhA=="
    },
    "@types/yargs": {
      "version": "13.0.10",
      "resolved": "https://registry.npmjs.org/@types/yargs/-/yargs-13.0.10.tgz",
      "integrity": "sha512-MU10TSgzNABgdzKvQVW1nuuT+sgBMWeXNc3XOs5YXV5SDAK+PPja2eUuBNB9iqElu03xyEDqlnGw0jgl4nbqGQ==",
      "dev": true,
      "requires": {
        "@types/yargs-parser": "*"
      }
    },
    "@types/yargs-parser": {
      "version": "15.0.0",
      "resolved": "https://registry.npmjs.org/@types/yargs-parser/-/yargs-parser-15.0.0.tgz",
      "integrity": "sha512-FA/BWv8t8ZWJ+gEOnLLd8ygxH/2UFbAvgEonyfN6yWGLKc7zVjbpl2Y4CTjid9h2RfgPP6SEt6uHwEOply00yw==",
      "dev": true
    },
    "ajv": {
      "version": "6.12.5",
      "resolved": "https://registry.npmjs.org/ajv/-/ajv-6.12.5.tgz",
      "integrity": "sha512-lRF8RORchjpKG50/WFf8xmg7sgCLFiYNNnqdKflk63whMQcWR5ngGjiSXkL9bjxy6B2npOK2HSMN49jEBMSkag==",
      "dev": true,
      "requires": {
        "fast-deep-equal": "^3.1.1",
        "fast-json-stable-stringify": "^2.0.0",
        "json-schema-traverse": "^0.4.1",
        "uri-js": "^4.2.2"
      }
    },
    "ansi-regex": {
      "version": "2.1.1",
      "resolved": "https://registry.npmjs.org/ansi-regex/-/ansi-regex-2.1.1.tgz",
      "integrity": "sha1-w7M6te42DYbg5ijwRorn7yfWVN8="
    },
    "ansi-styles": {
      "version": "3.2.1",
      "resolved": "https://registry.npmjs.org/ansi-styles/-/ansi-styles-3.2.1.tgz",
      "integrity": "sha512-VT0ZI6kZRdTh8YyJw3SMbYm/u+NqfsAxEpWO0Pf9sq8/e94WxxOpPKx9FR1FlyCtOVDNOQ+8ntlqFxiRc+r5qA==",
      "dev": true,
      "requires": {
        "color-convert": "^1.9.0"
      }
    },
    "aproba": {
      "version": "1.2.0",
      "resolved": "https://registry.npmjs.org/aproba/-/aproba-1.2.0.tgz",
      "integrity": "sha512-Y9J6ZjXtoYh8RnXVCMOU/ttDmk1aBjunq9vO0ta5x85WDQiQfUF9sIPBITdbiiIVcBo03Hi3jMxigBtsddlXRw=="
    },
    "are-we-there-yet": {
      "version": "1.1.5",
      "resolved": "https://registry.npmjs.org/are-we-there-yet/-/are-we-there-yet-1.1.5.tgz",
      "integrity": "sha512-5hYdAkZlcG8tOLujVDTgCT+uPX0VnpAH28gWsLfzpXYm7wP6mp5Q/gYyR7YQ0cKVJcXJnl3j2kpBan13PtQf6w==",
      "requires": {
        "delegates": "^1.0.0",
        "readable-stream": "^2.0.6"
      }
    },
    "astral-regex": {
      "version": "1.0.0",
      "resolved": "https://registry.npmjs.org/astral-regex/-/astral-regex-1.0.0.tgz",
      "integrity": "sha512-+Ryf6g3BKoRc7jfp7ad8tM4TtMiaWvbF/1/sQcZPkkS7ag3D5nMBCe2UfOTONtAkaG0tO0ij3C5Lwmf1EiyjHg==",
      "dev": true
    },
    "chalk": {
      "version": "2.4.2",
      "resolved": "https://registry.npmjs.org/chalk/-/chalk-2.4.2.tgz",
      "integrity": "sha512-Mti+f9lpJNcwF4tWV8/OrTTtF1gZi+f8FqlyAdouralcFWFQWF2+NgCHShjkCb+IFBLq9buZwE1xckQU4peSuQ==",
      "dev": true,
      "requires": {
        "ansi-styles": "^3.2.1",
        "escape-string-regexp": "^1.0.5",
        "supports-color": "^5.3.0"
      }
    },
    "charenc": {
      "version": "0.0.2",
      "resolved": "https://registry.npmjs.org/charenc/-/charenc-0.0.2.tgz",
      "integrity": "sha1-wKHS86cJLgN3S/qD8UwPxXkKhmc=",
      "dev": true
    },
    "code-point-at": {
      "version": "1.1.0",
      "resolved": "https://registry.npmjs.org/code-point-at/-/code-point-at-1.1.0.tgz",
      "integrity": "sha1-DQcLTQQ6W+ozovGkDi7bPZpMz3c="
    },
    "color-convert": {
      "version": "1.9.3",
      "resolved": "https://registry.npmjs.org/color-convert/-/color-convert-1.9.3.tgz",
      "integrity": "sha512-QfAUtd+vFdAtFQcC8CCyYt1fYWxSqAiK2cSD6zDB8N3cpsEBAvRxp9zOGg6G/SHHJYAT88/az/IuDGALsNVbGg==",
      "dev": true,
      "requires": {
        "color-name": "1.1.3"
      }
    },
    "color-name": {
      "version": "1.1.3",
      "resolved": "https://registry.npmjs.org/color-name/-/color-name-1.1.3.tgz",
      "integrity": "sha1-p9BVi9icQveV3UIyj3QIMcpTvCU=",
      "dev": true
    },
    "colors": {
      "version": "1.4.0",
      "resolved": "https://registry.npmjs.org/colors/-/colors-1.4.0.tgz",
      "integrity": "sha512-a+UqTh4kgZg/SlGvfbzDHpgRu7AAQOmmqRHJnxhRZICKFUT91brVhNNt58CMWU9PsBbv3PDCZUHbVxuDiH2mtA==",
      "dev": true
    },
    "console-control-strings": {
      "version": "1.1.0",
      "resolved": "https://registry.npmjs.org/console-control-strings/-/console-control-strings-1.1.0.tgz",
      "integrity": "sha1-PXz0Rk22RG6mRL9LOVB/mFEAjo4="
    },
    "constructs": {
      "version": "3.0.4",
      "resolved": "https://registry.npmjs.org/constructs/-/constructs-3.0.4.tgz",
      "integrity": "sha512-CDvg7gMjphE3DFX4pzkF6j73NREbR8npPFW8Mx/CLRnMR035+Y1o1HrXIsNSss/dq3ZUnNTU9jKyd3fL9EOlfw=="
    },
    "core-util-is": {
      "version": "1.0.2",
      "resolved": "https://registry.npmjs.org/core-util-is/-/core-util-is-1.0.2.tgz",
      "integrity": "sha1-tf1UIgqivFq1eqtxQMlAdUUDwac="
    },
    "crypt": {
      "version": "0.0.2",
      "resolved": "https://registry.npmjs.org/crypt/-/crypt-0.0.2.tgz",
      "integrity": "sha1-iNf/fsDfuG9xPch7u0LQRNPmxBs=",
      "dev": true
    },
    "deep-diff": {
      "version": "1.0.2",
      "resolved": "https://registry.npmjs.org/deep-diff/-/deep-diff-1.0.2.tgz",
      "integrity": "sha512-aWS3UIVH+NPGCD1kki+DCU9Dua032iSsO43LqQpcs4R3+dVv7tX0qBGjiVHJHjplsoUM2XRO/KB92glqc68awg=="
    },
    "deepmerge": {
      "version": "4.2.2",
      "resolved": "https://registry.npmjs.org/deepmerge/-/deepmerge-4.2.2.tgz",
      "integrity": "sha512-FJ3UgI4gIl+PHZm53knsuSFpE+nESMr7M4v9QcgB7S63Kj/6WqMiFQJpBBYz1Pt+66bZpP3Q7Lye0Oo9MPKEdg=="
    },
    "delegates": {
      "version": "1.0.0",
      "resolved": "https://registry.npmjs.org/delegates/-/delegates-1.0.0.tgz",
      "integrity": "sha1-hMbhWbgZBP3KWaDvRM2HDTElD5o="
    },
    "diff": {
      "version": "4.0.2",
      "resolved": "https://registry.npmjs.org/diff/-/diff-4.0.2.tgz",
      "integrity": "sha512-58lmxKSA4BNyLz+HHMUzlOEpg09FV+ev6ZMe3vJihgdxzgcwZ8VoEEPmALCZG9LmqfVoNMMKpttIYTVG6uDY7A==",
      "dev": true
    },
    "diff-sequences": {
      "version": "24.9.0",
      "resolved": "https://registry.npmjs.org/diff-sequences/-/diff-sequences-24.9.0.tgz",
      "integrity": "sha512-Dj6Wk3tWyTE+Fo1rW8v0Xhwk80um6yFYKbuAxc9c3EZxIHFDYwbi34Uk42u1CdnIiVorvt4RmlSDjIPyzGC2ew==",
      "dev": true
    },
    "emoji-regex": {
      "version": "8.0.0",
      "resolved": "https://registry.npmjs.org/emoji-regex/-/emoji-regex-8.0.0.tgz",
      "integrity": "sha512-MSjYzcWNOA0ewAHpz0MxpYFvwg6yjy1NG3xteoqz644VCo/RPgnr1/GGt+ic3iJTzQ8Eu3TdM14SawnVUmGE6A==",
      "dev": true
    },
    "escape-string-regexp": {
      "version": "1.0.5",
      "resolved": "https://registry.npmjs.org/escape-string-regexp/-/escape-string-regexp-1.0.5.tgz",
      "integrity": "sha1-G2HAViGQqN/2rjuyzwIAyhMLhtQ=",
      "dev": true
    },
    "fast-deep-equal": {
      "version": "3.1.3",
      "resolved": "https://registry.npmjs.org/fast-deep-equal/-/fast-deep-equal-3.1.3.tgz",
      "integrity": "sha512-f3qQ9oQy9j2AhBe/H9VC91wLmKBCCU/gDOnKNAYG5hswO7BLKj09Hc5HYNz9cGI++xlpDCIgDaitVs03ATR84Q==",
      "dev": true
    },
    "fast-json-stable-stringify": {
      "version": "2.1.0",
      "resolved": "https://registry.npmjs.org/fast-json-stable-stringify/-/fast-json-stable-stringify-2.1.0.tgz",
      "integrity": "sha512-lhd/wF+Lk98HZoTCtlVraHtfh5XYijIjalXck7saUtuanSDyLMxnHhSXEDJqHxD7msR8D0uCmqlkwjCV8xvwHw==",
      "dev": true
    },
    "gauge": {
      "version": "2.7.4",
      "resolved": "https://registry.npmjs.org/gauge/-/gauge-2.7.4.tgz",
      "integrity": "sha1-LANAXHU4w51+s3sxcCLjJfsBi/c=",
      "requires": {
        "aproba": "^1.0.3",
        "console-control-strings": "^1.0.0",
        "has-unicode": "^2.0.0",
        "object-assign": "^4.1.0",
        "signal-exit": "^3.0.0",
        "string-width": "^1.0.1",
        "strip-ansi": "^3.0.1",
        "wide-align": "^1.1.0"
      }
    },
    "has-flag": {
      "version": "3.0.0",
      "resolved": "https://registry.npmjs.org/has-flag/-/has-flag-3.0.0.tgz",
      "integrity": "sha1-tdRU3CGZriJWmfNGfloH87lVuv0=",
      "dev": true
    },
    "has-unicode": {
      "version": "2.0.1",
      "resolved": "https://registry.npmjs.org/has-unicode/-/has-unicode-2.0.1.tgz",
      "integrity": "sha1-4Ob+aijPUROIVeCG0Wkedx3iqLk="
    },
    "inherits": {
      "version": "2.0.4",
      "resolved": "https://registry.npmjs.org/inherits/-/inherits-2.0.4.tgz",
      "integrity": "sha512-k/vGaX4/Yla3WzyMCvTQOXYeIHvqOKtnqBduzTHpzpQZzAskKMhZ2K+EnBiSM9zGSoIFeMpXKxa4dYeZIQqewQ=="
    },
    "is-buffer": {
      "version": "1.1.6",
      "resolved": "https://registry.npmjs.org/is-buffer/-/is-buffer-1.1.6.tgz",
      "integrity": "sha512-NcdALwpXkTm5Zvvbk7owOUSvVvBKDgKP5/ewfXEznmQFfs4ZRmanOeKBTjRVjka3QFoN6XJ+9F3USqfHqTaU5w==",
      "dev": true
    },
    "is-fullwidth-code-point": {
      "version": "1.0.0",
      "resolved": "https://registry.npmjs.org/is-fullwidth-code-point/-/is-fullwidth-code-point-1.0.0.tgz",
      "integrity": "sha1-754xOG8DGn8NZDr4L95QxFfvAMs=",
      "requires": {
        "number-is-nan": "^1.0.0"
      }
    },
    "isarray": {
      "version": "1.0.0",
      "resolved": "https://registry.npmjs.org/isarray/-/isarray-1.0.0.tgz",
      "integrity": "sha1-u5NdSFgsuhaMBoNJV6VKPgcSTxE="
    },
    "jest-diff": {
      "version": "24.9.0",
      "resolved": "https://registry.npmjs.org/jest-diff/-/jest-diff-24.9.0.tgz",
      "integrity": "sha512-qMfrTs8AdJE2iqrTp0hzh7kTd2PQWrsFyj9tORoKmu32xjPjeE4NyjVRDz8ybYwqS2ik8N4hsIpiVTyFeo2lBQ==",
      "dev": true,
      "requires": {
        "chalk": "^2.0.1",
        "diff-sequences": "^24.9.0",
        "jest-get-type": "^24.9.0",
        "pretty-format": "^24.9.0"
      }
    },
    "jest-get-type": {
      "version": "24.9.0",
      "resolved": "https://registry.npmjs.org/jest-get-type/-/jest-get-type-24.9.0.tgz",
      "integrity": "sha512-lUseMzAley4LhIcpSP9Jf+fTrQ4a1yHQwLNeeVa2cEmbCGeoZAtYPOIv8JaxLD/sUpKxetKGP+gsHl8f8TSj8Q==",
      "dev": true
    },
    "json-schema-traverse": {
      "version": "0.4.1",
      "resolved": "https://registry.npmjs.org/json-schema-traverse/-/json-schema-traverse-0.4.1.tgz",
      "integrity": "sha512-xbbCH5dCYU5T8LcEhhuh7HJ88HXuW3qsI3Y0zOZFKfZEHcpWiHU/Jxzk629Brsab/mMiHQti9wMP+845RPe3Vg==",
      "dev": true
    },
    "lodash": {
      "version": "4.17.20",
      "resolved": "https://registry.npmjs.org/lodash/-/lodash-4.17.20.tgz",
      "integrity": "sha512-PlhdFcillOINfeV7Ni6oF1TAEayyZBoZ8bcshTHqOYJYlrqzRK5hagpagky5o4HfCzzd1TRkXPMFq6cKk9rGmA==",
      "dev": true
    },
    "md5": {
      "version": "2.3.0",
      "resolved": "https://registry.npmjs.org/md5/-/md5-2.3.0.tgz",
      "integrity": "sha512-T1GITYmFaKuO91vxyoQMFETst+O71VUPEU3ze5GNzDm0OWdP8v1ziTaAEPUr/3kLsY3Sftgz242A1SetQiDL7g==",
      "dev": true,
      "requires": {
        "charenc": "0.0.2",
        "crypt": "0.0.2",
        "is-buffer": "~1.1.6"
      }
    },
    "npmlog": {
      "version": "4.1.2",
      "resolved": "https://registry.npmjs.org/npmlog/-/npmlog-4.1.2.tgz",
      "integrity": "sha512-2uUqazuKlTaSI/dC8AzicUck7+IrEaOnN/e0jd3Xtt1KcGpwx30v50mL7oPyr/h9bL3E4aZccVwpwP+5W9Vjkg==",
      "requires": {
        "are-we-there-yet": "~1.1.2",
        "console-control-strings": "~1.1.0",
        "gauge": "~2.7.3",
        "set-blocking": "~2.0.0"
      }
    },
    "number-is-nan": {
      "version": "1.0.1",
      "resolved": "https://registry.npmjs.org/number-is-nan/-/number-is-nan-1.0.1.tgz",
      "integrity": "sha1-CXtgK1NCKlIsGvuHkDGDNpQaAR0="
    },
    "object-assign": {
      "version": "4.1.1",
      "resolved": "https://registry.npmjs.org/object-assign/-/object-assign-4.1.1.tgz",
      "integrity": "sha1-IQmtx5ZYh8/AXLvUQsrIv7s2CGM="
    },
    "pretty-format": {
      "version": "24.9.0",
      "resolved": "https://registry.npmjs.org/pretty-format/-/pretty-format-24.9.0.tgz",
      "integrity": "sha512-00ZMZUiHaJrNfk33guavqgvfJS30sLYf0f8+Srklv0AMPodGGHcoHgksZ3OThYnIvOd+8yMCn0YiEOogjlgsnA==",
      "dev": true,
      "requires": {
        "@jest/types": "^24.9.0",
        "ansi-regex": "^4.0.0",
        "ansi-styles": "^3.2.0",
        "react-is": "^16.8.4"
      },
      "dependencies": {
        "ansi-regex": {
          "version": "4.1.0",
          "resolved": "https://registry.npmjs.org/ansi-regex/-/ansi-regex-4.1.0.tgz",
          "integrity": "sha512-1apePfXM1UOSqw0o9IiFAovVz9M5S1Dg+4TrDwfMewQ6p/rmMueb7tWZjQ1rx4Loy1ArBggoqGpfqqdI4rondg==",
          "dev": true
        }
      }
    },
    "process-nextick-args": {
      "version": "2.0.1",
      "resolved": "https://registry.npmjs.org/process-nextick-args/-/process-nextick-args-2.0.1.tgz",
      "integrity": "sha512-3ouUOpQhtgrbOa17J7+uxOTpITYWaGP7/AhoR3+A+/1e9skrzelGi/dXzEYyvbxubEF6Wn2ypscTKiKJFFn1ag=="
    },
    "punycode": {
      "version": "2.1.1",
      "resolved": "https://registry.npmjs.org/punycode/-/punycode-2.1.1.tgz",
      "integrity": "sha512-XRsRjdf+j5ml+y/6GKHPZbrF/8p2Yga0JPtdqTIY2Xe5ohJPD9saDJJLPvp9+NSBprVvevdXZybnj2cv8OEd0A==",
      "dev": true
    },
    "react-is": {
      "version": "16.13.1",
      "resolved": "https://registry.npmjs.org/react-is/-/react-is-16.13.1.tgz",
      "integrity": "sha512-24e6ynE2H+OKt4kqsOvNd8kBpV65zoxbA4BVsEOB3ARVWQki/DHzaUoC5KuON/BiccDaCCTZBuOcfZs70kR8bQ==",
      "dev": true
    },
    "readable-stream": {
      "version": "2.3.7",
      "resolved": "https://registry.npmjs.org/readable-stream/-/readable-stream-2.3.7.tgz",
      "integrity": "sha512-Ebho8K4jIbHAxnuxi7o42OrZgF/ZTNcsZj6nRKyUmkhLFq8CHItp/fy6hQZuZmP/n3yZ9VBUbp4zz/mX8hmYPw==",
      "requires": {
        "core-util-is": "~1.0.0",
        "inherits": "~2.0.3",
        "isarray": "~1.0.0",
        "process-nextick-args": "~2.0.0",
        "safe-buffer": "~5.1.1",
        "string_decoder": "~1.1.1",
        "util-deprecate": "~1.0.1"
      }
    },
    "safe-buffer": {
      "version": "5.1.2",
      "resolved": "https://registry.npmjs.org/safe-buffer/-/safe-buffer-5.1.2.tgz",
      "integrity": "sha512-Gd2UZBJDkXlY7GbJxfsE8/nvKkUEU1G38c1siN6QP6a9PT9MmHB8GnpscSmMJSoF8LOIrt8ud/wPtojys4G6+g=="
    },
    "set-blocking": {
      "version": "2.0.0",
      "resolved": "https://registry.npmjs.org/set-blocking/-/set-blocking-2.0.0.tgz",
      "integrity": "sha1-BF+XgtARrppoA93TgrJDkrPYkPc="
    },
    "signal-exit": {
      "version": "3.0.3",
      "resolved": "https://registry.npmjs.org/signal-exit/-/signal-exit-3.0.3.tgz",
      "integrity": "sha512-VUJ49FC8U1OxwZLxIbTTrDvLnf/6TDgxZcK8wxR8zs13xpx7xbG60ndBlhNrFi2EMuFRoeDoJO7wthSLq42EjA=="
    },
    "slice-ansi": {
      "version": "2.1.0",
      "resolved": "https://registry.npmjs.org/slice-ansi/-/slice-ansi-2.1.0.tgz",
      "integrity": "sha512-Qu+VC3EwYLldKa1fCxuuvULvSJOKEgk9pi8dZeCVK7TqBfUNTH4sFkk4joj8afVSfAYgJoSOetjx9QWOJ5mYoQ==",
      "dev": true,
      "requires": {
        "ansi-styles": "^3.2.0",
        "astral-regex": "^1.0.0",
        "is-fullwidth-code-point": "^2.0.0"
      },
      "dependencies": {
        "is-fullwidth-code-point": {
          "version": "2.0.0",
          "resolved": "https://registry.npmjs.org/is-fullwidth-code-point/-/is-fullwidth-code-point-2.0.0.tgz",
          "integrity": "sha1-o7MKXE8ZkYMWeqq5O+764937ZU8=",
          "dev": true
        }
      }
    },
    "string-width": {
      "version": "1.0.2",
      "resolved": "https://registry.npmjs.org/string-width/-/string-width-1.0.2.tgz",
      "integrity": "sha1-EYvfW4zcUaKn5w0hHgfisLmxB9M=",
      "requires": {
        "code-point-at": "^1.0.0",
        "is-fullwidth-code-point": "^1.0.0",
        "strip-ansi": "^3.0.0"
      }
    },
    "string_decoder": {
      "version": "1.1.1",
      "resolved": "https://registry.npmjs.org/string_decoder/-/string_decoder-1.1.1.tgz",
      "integrity": "sha512-n/ShnvDi6FHbbVfviro+WojiFzv+s8MPMHBczVePfUpDJLwoLT0ht1l4YwBCbi8pJAveEEdnkHyPyTP/mzRfwg==",
      "requires": {
        "safe-buffer": "~5.1.0"
      }
    },
    "strip-ansi": {
      "version": "3.0.1",
      "resolved": "https://registry.npmjs.org/strip-ansi/-/strip-ansi-3.0.1.tgz",
      "integrity": "sha1-ajhfuIU9lS1f8F0Oiq+UJ43GPc8=",
      "requires": {
        "ansi-regex": "^2.0.0"
      }
    },
    "supports-color": {
      "version": "5.5.0",
      "resolved": "https://registry.npmjs.org/supports-color/-/supports-color-5.5.0.tgz",
      "integrity": "sha512-QjVjwdXIt408MIiAqCX4oUKsgU2EqAGzs2Ppkm4aQYbjm+ZEWEcW4SfFNTr4uMNZma0ey4f5lgLrkB0aX0QMow==",
      "dev": true,
      "requires": {
        "has-flag": "^3.0.0"
      }
    },
    "table": {
      "version": "5.4.6",
      "resolved": "https://registry.npmjs.org/table/-/table-5.4.6.tgz",
      "integrity": "sha512-wmEc8m4fjnob4gt5riFRtTu/6+4rSe12TpAELNSqHMfF3IqnA+CH37USM6/YR3qRZv7e56kAEAtd6nKZaxe0Ug==",
      "dev": true,
      "requires": {
        "ajv": "^6.10.2",
        "lodash": "^4.17.14",
        "slice-ansi": "^2.1.0",
        "string-width": "^3.0.0"
      },
      "dependencies": {
        "ansi-regex": {
          "version": "4.1.0",
          "resolved": "https://registry.npmjs.org/ansi-regex/-/ansi-regex-4.1.0.tgz",
          "integrity": "sha512-1apePfXM1UOSqw0o9IiFAovVz9M5S1Dg+4TrDwfMewQ6p/rmMueb7tWZjQ1rx4Loy1ArBggoqGpfqqdI4rondg==",
          "dev": true
        },
        "emoji-regex": {
          "version": "7.0.3",
          "resolved": "https://registry.npmjs.org/emoji-regex/-/emoji-regex-7.0.3.tgz",
          "integrity": "sha512-CwBLREIQ7LvYFB0WyRvwhq5N5qPhc6PMjD6bYggFlI5YyDgl+0vxq5VHbMOFqLg7hfWzmu8T5Z1QofhmTIhItA==",
          "dev": true
        },
        "is-fullwidth-code-point": {
          "version": "2.0.0",
          "resolved": "https://registry.npmjs.org/is-fullwidth-code-point/-/is-fullwidth-code-point-2.0.0.tgz",
          "integrity": "sha1-o7MKXE8ZkYMWeqq5O+764937ZU8=",
          "dev": true
        },
        "string-width": {
          "version": "3.1.0",
          "resolved": "https://registry.npmjs.org/string-width/-/string-width-3.1.0.tgz",
          "integrity": "sha512-vafcv6KjVZKSgz06oM/H6GDBrAtz8vdhQakGjFIvNrHA6y3HCF1CInLy+QLq8dTJPQ1b+KDUqDFctkdRW44e1w==",
          "dev": true,
          "requires": {
            "emoji-regex": "^7.0.1",
            "is-fullwidth-code-point": "^2.0.0",
            "strip-ansi": "^5.1.0"
          }
        },
        "strip-ansi": {
          "version": "5.2.0",
          "resolved": "https://registry.npmjs.org/strip-ansi/-/strip-ansi-5.2.0.tgz",
          "integrity": "sha512-DuRs1gKbBqsMKIZlrffwlug8MHkcnpjs5VPmL1PAh+mA30U0DTotfDZ0d2UUsXpPmPmMMJ6W773MaA3J+lbiWA==",
          "dev": true,
          "requires": {
            "ansi-regex": "^4.1.0"
          }
        }
      }
    },
    "uri-js": {
      "version": "4.4.0",
      "resolved": "https://registry.npmjs.org/uri-js/-/uri-js-4.4.0.tgz",
      "integrity": "sha512-B0yRTzYdUCCn9n+F4+Gh4yIDtMQcaJsmYBDsTSG8g/OejKBodLQ2IHfN3bM7jUsRXndopT7OIXWdYqc1fjmV6g==",
      "dev": true,
      "requires": {
        "punycode": "^2.1.0"
      }
    },
    "util-deprecate": {
      "version": "1.0.2",
      "resolved": "https://registry.npmjs.org/util-deprecate/-/util-deprecate-1.0.2.tgz",
      "integrity": "sha1-RQ1Nyfpw3nMnYvvS1KKJgUGaDM8="
    },
    "wide-align": {
      "version": "1.1.3",
      "resolved": "https://registry.npmjs.org/wide-align/-/wide-align-1.1.3.tgz",
      "integrity": "sha512-QGkOQc8XL6Bt5PwnsExKBPuMKBxnGxWWW3fU55Xt4feHozMUhdUMaBCk290qpm/wG5u/RSKzwdAC4i51YigihA==",
      "requires": {
        "string-width": "^1.0.2 || 2"
      }
    }
  }
}
