{
  "requires": true,
  "lockfileVersion": 1,
  "dependencies": {
    "eslint-plugin-mocha": {
      "version": "9.0.0",
      "resolved": "https://registry.npmjs.org/eslint-plugin-mocha/-/eslint-plugin-mocha-9.0.0.tgz",
      "integrity": "sha512-d7knAcQj1jPCzZf3caeBIn3BnW6ikcvfz0kSqQpwPYcVGLoJV5sz0l0OJB2LR8I7dvTDbqq1oV6ylhSgzA10zg==",
      "dev": true,
      "requires": {
        "eslint-utils": "^3.0.0",
        "ramda": "^0.27.1"
      }
    },
    "eslint-utils": {
      "version": "3.0.0",
      "resolved": "https://registry.npmjs.org/eslint-utils/-/eslint-utils-3.0.0.tgz",
      "integrity": "sha512-uuQC43IGctw68pJA1RgbQS8/NP7rch6Cwd4j3ZBtgo4/8Flj4eGE7ZYSZRN3iq5pVUv6GPdW5Z1RFleo84uLDA==",
      "requires": {
        "eslint-visitor-keys": "^2.0.0"
      }
    },
    "eslint-visitor-keys": {
      "version": "2.1.0",
      "resolved": "https://registry.npmjs.org/eslint-visitor-keys/-/eslint-visitor-keys-2.1.0.tgz",
      "integrity": "sha512-0rSmRBzXgDzIsD6mGdJgevzgezI534Cer5L/vyMX0kHzT/jiB43jRhd9YUlMGYLQy2zprNmoT8qasCGtY+QaKw=="
    },
    "ramda": {
      "version": "0.27.1",
      "resolved": "https://registry.npmjs.org/ramda/-/ramda-0.27.1.tgz",
      "integrity": "sha512-PgIdVpn5y5Yns8vqb8FzBUEYn98V3xcPgawAkkgj0YJ0qDsnHCiNmZYfOGMgOvoB0eWFLpYbhxUR3mxfDIMvpw=="
    }
  }
}
