{
  "name": "@aws-solutions-constructs/aws-lambda-sagemaker",
  "version": "1.59.0",
  "lockfileVersion": 1,
  "requires": true,
  "dependencies": {
    "@aws-cdk/assert": {
      "version": "1.59.0",
      "resolved": "https://registry.npmjs.org/@aws-cdk/assert/-/assert-1.59.0.tgz",
      "integrity": "sha512-60AWONWt47O46GXOIa80jaUHwLG20pHM2gee0rwM1DHP4nOBcDBgRAIHP9qSCkASXSi/VuDbaXZPYpHohI0BUw==",
      "dev": true,
      "requires": {
        "@aws-cdk/cloud-assembly-schema": "1.59.0",
        "@aws-cdk/cloudformation-diff": "1.59.0",
        "@aws-cdk/core": "1.59.0",
        "@aws-cdk/cx-api": "1.59.0",
        "constructs": "^3.0.2"
      }
    },
    "@aws-cdk/assets": {
      "version": "1.59.0",
      "resolved": "https://registry.npmjs.org/@aws-cdk/assets/-/assets-1.59.0.tgz",
      "integrity": "sha512-CKkySASphv4kyszBYthKqSO9wiSBWRJc7woHM7+i1fy3pOGeUoyaHl/CpUyU/sT1eWmtOmGzMm0bI53vumH4ZQ==",
      "requires": {
        "@aws-cdk/core": "1.59.0",
        "@aws-cdk/cx-api": "1.59.0",
        "constructs": "^3.0.2"
      }
    },
    "@aws-cdk/aws-apigateway": {
      "version": "1.59.0",
      "resolved": "https://registry.npmjs.org/@aws-cdk/aws-apigateway/-/aws-apigateway-1.59.0.tgz",
      "integrity": "sha512-FUvc3OlnDoFn6hUTfORFUyrNsnkZ01v5fu0fhC8NDw+KC3Gb0ZrW1Rrs2sfKLSMB14Aks1YpgR240hsQEesD8g==",
      "requires": {
        "@aws-cdk/assets": "1.59.0",
        "@aws-cdk/aws-certificatemanager": "1.59.0",
        "@aws-cdk/aws-ec2": "1.59.0",
        "@aws-cdk/aws-elasticloadbalancingv2": "1.59.0",
        "@aws-cdk/aws-iam": "1.59.0",
        "@aws-cdk/aws-lambda": "1.59.0",
        "@aws-cdk/aws-logs": "1.59.0",
        "@aws-cdk/aws-s3": "1.59.0",
        "@aws-cdk/aws-s3-assets": "1.59.0",
        "@aws-cdk/core": "1.59.0",
        "@aws-cdk/cx-api": "1.59.0",
        "constructs": "^3.0.2"
      }
    },
    "@aws-cdk/aws-applicationautoscaling": {
      "version": "1.59.0",
      "resolved": "https://registry.npmjs.org/@aws-cdk/aws-applicationautoscaling/-/aws-applicationautoscaling-1.59.0.tgz",
      "integrity": "sha512-LdHqp9DPuH0i7K0873dvbf9/JG60LjuIbX+lynhvI6/0tokKtlTiZIegutMrH2Ck+ex6EHnnIgSgRHJ3whN3MA==",
      "requires": {
        "@aws-cdk/aws-autoscaling-common": "1.59.0",
        "@aws-cdk/aws-cloudwatch": "1.59.0",
        "@aws-cdk/aws-iam": "1.59.0",
        "@aws-cdk/core": "1.59.0",
        "constructs": "^3.0.2"
      }
    },
    "@aws-cdk/aws-autoscaling-common": {
      "version": "1.59.0",
      "resolved": "https://registry.npmjs.org/@aws-cdk/aws-autoscaling-common/-/aws-autoscaling-common-1.59.0.tgz",
      "integrity": "sha512-15HHOkZapAFctHfcNoMjjyA/yzDFVGpo18ce9kvB0GLDpexGjk/am4WCfrGXwUkUUDl1h5G4sNb9SrqtSDFeNA==",
      "requires": {
        "@aws-cdk/aws-iam": "1.59.0",
        "@aws-cdk/core": "1.59.0",
        "constructs": "^3.0.2"
      }
    },
    "@aws-cdk/aws-certificatemanager": {
      "version": "1.59.0",
      "resolved": "https://registry.npmjs.org/@aws-cdk/aws-certificatemanager/-/aws-certificatemanager-1.59.0.tgz",
      "integrity": "sha512-IyUG8vQM2Nat8m6Yp+v5k+WtnDRJQPSmRNNwEasnztgCy1GD5Xc+zZRKBq1qwPRzFo2eO/YryBXQl/c6Nz9Jgw==",
      "requires": {
        "@aws-cdk/aws-iam": "1.59.0",
        "@aws-cdk/aws-lambda": "1.59.0",
        "@aws-cdk/aws-route53": "1.59.0",
        "@aws-cdk/core": "1.59.0",
        "constructs": "^3.0.2"
      }
    },
    "@aws-cdk/aws-cloudformation": {
      "version": "1.59.0",
      "resolved": "https://registry.npmjs.org/@aws-cdk/aws-cloudformation/-/aws-cloudformation-1.59.0.tgz",
      "integrity": "sha512-spIFELZPkbuqcPAFSm1P4He0X/aXaBNzWosIBNCJmZBxuz8NdZWhG27mE1bKdubiCylH2fDeu9Rqz3kIVdu2aw==",
      "requires": {
        "@aws-cdk/aws-iam": "1.59.0",
        "@aws-cdk/aws-lambda": "1.59.0",
        "@aws-cdk/aws-s3": "1.59.0",
        "@aws-cdk/aws-sns": "1.59.0",
        "@aws-cdk/core": "1.59.0",
        "@aws-cdk/cx-api": "1.59.0",
        "constructs": "^3.0.2"
      }
    },
    "@aws-cdk/aws-cloudfront": {
      "version": "1.59.0",
      "resolved": "https://registry.npmjs.org/@aws-cdk/aws-cloudfront/-/aws-cloudfront-1.59.0.tgz",
      "integrity": "sha512-x1PjhhG1LdmuJe/9wekB4psRmDiLXxkOIamAmAJb7D8/jVpsgR4S1B6KkAnnyBinxbrHEPUH1U28kfUDFOpv8A==",
      "requires": {
        "@aws-cdk/aws-certificatemanager": "1.59.0",
        "@aws-cdk/aws-iam": "1.59.0",
        "@aws-cdk/aws-kms": "1.59.0",
        "@aws-cdk/aws-lambda": "1.59.0",
        "@aws-cdk/aws-s3": "1.59.0",
        "@aws-cdk/core": "1.59.0",
        "constructs": "^3.0.2"
      }
    },
    "@aws-cdk/aws-cloudfront-origins": {
      "version": "1.59.0",
      "resolved": "https://registry.npmjs.org/@aws-cdk/aws-cloudfront-origins/-/aws-cloudfront-origins-1.59.0.tgz",
      "integrity": "sha512-A+bpyQ+oqx6HJ9niFHo71lFT0miJR7WzPIXypSvf5yAsIad7DGKuqDeouYIhc48Qwtu4wYmTNRygcWbDpsIlrA==",
      "requires": {
        "@aws-cdk/aws-cloudfront": "1.59.0",
        "@aws-cdk/aws-elasticloadbalancingv2": "1.59.0",
        "@aws-cdk/aws-s3": "1.59.0",
        "@aws-cdk/core": "1.59.0",
        "constructs": "^3.0.2"
      }
    },
    "@aws-cdk/aws-cloudwatch": {
      "version": "1.59.0",
      "resolved": "https://registry.npmjs.org/@aws-cdk/aws-cloudwatch/-/aws-cloudwatch-1.59.0.tgz",
      "integrity": "sha512-dNy8lj7nlZw4EJGIXbruVlmrunD+isici+H6w+Y7Tsb43WYtK3MqBchcMZ0nFZly1DBd+J4O2a4ZsaqJQX3SSA==",
      "requires": {
        "@aws-cdk/aws-iam": "1.59.0",
        "@aws-cdk/core": "1.59.0",
        "constructs": "^3.0.2"
      }
    },
    "@aws-cdk/aws-codeguruprofiler": {
      "version": "1.59.0",
      "resolved": "https://registry.npmjs.org/@aws-cdk/aws-codeguruprofiler/-/aws-codeguruprofiler-1.59.0.tgz",
      "integrity": "sha512-fiiLKmjekVlIDbo5Qcxj9v2EQPus/FfBOH0r4biOJlBsjTtJQD/f5ufizy8tF1NCAIeP8oTrrRZ9OkI4owyQyg==",
      "requires": {
        "@aws-cdk/aws-iam": "1.59.0",
        "@aws-cdk/core": "1.59.0"
      }
    },
    "@aws-cdk/aws-cognito": {
      "version": "1.59.0",
      "resolved": "https://registry.npmjs.org/@aws-cdk/aws-cognito/-/aws-cognito-1.59.0.tgz",
      "integrity": "sha512-PZojwlnDUncKnwJVQzY3UrDzmB56Xmp5Hf9e8C6TCNdVTNCeX+4qEaCgN9Mmmm/vFM+KWMn5QUOj+BQqA4wi+w==",
      "requires": {
        "@aws-cdk/aws-certificatemanager": "1.59.0",
        "@aws-cdk/aws-iam": "1.59.0",
        "@aws-cdk/aws-lambda": "1.59.0",
        "@aws-cdk/core": "1.59.0",
        "@aws-cdk/custom-resources": "1.59.0",
        "constructs": "^3.0.2"
      }
    },
    "@aws-cdk/aws-dynamodb": {
      "version": "1.59.0",
      "resolved": "https://registry.npmjs.org/@aws-cdk/aws-dynamodb/-/aws-dynamodb-1.59.0.tgz",
      "integrity": "sha512-nFvhwOk0049nSuNDKYlNGo3qkIuDzS8HF6qSYzOsSoxbpdPejrRYOB5GTPC0DZ7Nc5XtUvei7HWn9C6lfigIxw==",
      "requires": {
        "@aws-cdk/aws-applicationautoscaling": "1.59.0",
        "@aws-cdk/aws-cloudwatch": "1.59.0",
        "@aws-cdk/aws-iam": "1.59.0",
        "@aws-cdk/aws-kms": "1.59.0",
        "@aws-cdk/aws-lambda": "1.59.0",
        "@aws-cdk/core": "1.59.0",
        "@aws-cdk/custom-resources": "1.59.0",
        "constructs": "^3.0.2"
      }
    },
    "@aws-cdk/aws-ec2": {
      "version": "1.59.0",
      "resolved": "https://registry.npmjs.org/@aws-cdk/aws-ec2/-/aws-ec2-1.59.0.tgz",
      "integrity": "sha512-+jeY3Ju4QyJ60oroLSzWd9UNvJ3wBINwpVi8xKmAoxnkoKazIP9TUQO+e10t8fay7nZ4aZyceO0LauOIiqIipg==",
      "requires": {
        "@aws-cdk/aws-cloudwatch": "1.59.0",
        "@aws-cdk/aws-iam": "1.59.0",
        "@aws-cdk/aws-kms": "1.59.0",
        "@aws-cdk/aws-logs": "1.59.0",
        "@aws-cdk/aws-s3": "1.59.0",
        "@aws-cdk/aws-s3-assets": "1.59.0",
        "@aws-cdk/aws-ssm": "1.59.0",
        "@aws-cdk/cloud-assembly-schema": "1.59.0",
        "@aws-cdk/core": "1.59.0",
        "@aws-cdk/cx-api": "1.59.0",
        "@aws-cdk/region-info": "1.59.0",
        "constructs": "^3.0.2"
      }
    },
    "@aws-cdk/aws-efs": {
      "version": "1.59.0",
      "resolved": "https://registry.npmjs.org/@aws-cdk/aws-efs/-/aws-efs-1.59.0.tgz",
      "integrity": "sha512-Z09Sz0bMJcQY8hjl1BHzmSoLBAcfDqtv1KDjyjsLIzcMcJHGJ4eOJPY5BLmrKOtQ7EuH1BoiT58qp0YIwhvtTQ==",
      "requires": {
        "@aws-cdk/aws-ec2": "1.59.0",
        "@aws-cdk/aws-kms": "1.59.0",
        "@aws-cdk/cloud-assembly-schema": "1.59.0",
        "@aws-cdk/core": "1.59.0",
        "@aws-cdk/cx-api": "1.59.0",
        "constructs": "^3.0.2"
      }
    },
    "@aws-cdk/aws-elasticloadbalancingv2": {
      "version": "1.59.0",
      "resolved": "https://registry.npmjs.org/@aws-cdk/aws-elasticloadbalancingv2/-/aws-elasticloadbalancingv2-1.59.0.tgz",
      "integrity": "sha512-a5hgfXVUFIZXn3YCRAJFVvP8/eRbMEDjL07W01DP3+pBZePwdvaiJ6oh7trs666ThTAlgxkEqtrtqLMluNLaig==",
      "requires": {
        "@aws-cdk/aws-certificatemanager": "1.59.0",
        "@aws-cdk/aws-cloudwatch": "1.59.0",
        "@aws-cdk/aws-ec2": "1.59.0",
        "@aws-cdk/aws-iam": "1.59.0",
        "@aws-cdk/aws-lambda": "1.59.0",
        "@aws-cdk/aws-s3": "1.59.0",
        "@aws-cdk/core": "1.59.0",
        "@aws-cdk/region-info": "1.59.0",
        "constructs": "^3.0.2"
      }
    },
    "@aws-cdk/aws-elasticsearch": {
      "version": "1.59.0",
      "resolved": "https://registry.npmjs.org/@aws-cdk/aws-elasticsearch/-/aws-elasticsearch-1.59.0.tgz",
      "integrity": "sha512-8YrtvLUhGgdjYIrBNo0RNN7WDEqb7yTNjgO99+y1bLUs/bdTSvq4ca9jIP/Vd1/CaJkEU+5IxFAiEhT8FMf6YA==",
      "requires": {
        "@aws-cdk/core": "1.59.0",
        "constructs": "^3.0.2"
      }
    },
    "@aws-cdk/aws-events": {
      "version": "1.59.0",
      "resolved": "https://registry.npmjs.org/@aws-cdk/aws-events/-/aws-events-1.59.0.tgz",
      "integrity": "sha512-WEgJgwcziiab1uIe2Ag7UODJPKnb/FkwyaLnm8IFBb/4Y6XL6tajmq+MKSmHARzUWnKZbAl3gV/Lioh+VM2udg==",
      "requires": {
        "@aws-cdk/aws-iam": "1.59.0",
        "@aws-cdk/core": "1.59.0",
        "constructs": "^3.0.2"
      }
    },
    "@aws-cdk/aws-iam": {
      "version": "1.59.0",
      "resolved": "https://registry.npmjs.org/@aws-cdk/aws-iam/-/aws-iam-1.59.0.tgz",
      "integrity": "sha512-CpUX0k6ynHuWIQsdOfp7a6wJYwwfpbP144mfJfNj0yPiCO6k2vHsup1zfTC6m6vn44cNrUTwnQ0t1r+iWdvzdw==",
      "requires": {
        "@aws-cdk/core": "1.59.0",
        "@aws-cdk/region-info": "1.59.0",
        "constructs": "^3.0.2"
      }
    },
    "@aws-cdk/aws-iot": {
      "version": "1.59.0",
      "resolved": "https://registry.npmjs.org/@aws-cdk/aws-iot/-/aws-iot-1.59.0.tgz",
      "integrity": "sha512-jxddMU/y/J0U/AWBCqMy3Sl0qAB7heV6+uo2e0eVQz8b9rnXIWf+yDpWmbg5N8ZIyuYFOGCafEr2OCCYYzLy/A==",
      "requires": {
        "@aws-cdk/core": "1.59.0",
        "constructs": "^3.0.2"
      }
    },
    "@aws-cdk/aws-kinesis": {
      "version": "1.59.0",
      "resolved": "https://registry.npmjs.org/@aws-cdk/aws-kinesis/-/aws-kinesis-1.59.0.tgz",
      "integrity": "sha512-M1UOkq4n6r0hxAYTJO2R9BhdOqu19mbT9Hwyl6Xg32kpIKN61XoZjMXJdX6WtOKar3Pst1yjA0fbPgQXMZUfaA==",
      "requires": {
        "@aws-cdk/aws-iam": "1.59.0",
        "@aws-cdk/aws-kms": "1.59.0",
        "@aws-cdk/aws-logs": "1.59.0",
        "@aws-cdk/core": "1.59.0",
        "constructs": "^3.0.2"
      }
    },
    "@aws-cdk/aws-kinesisanalytics": {
      "version": "1.59.0",
      "resolved": "https://registry.npmjs.org/@aws-cdk/aws-kinesisanalytics/-/aws-kinesisanalytics-1.59.0.tgz",
      "integrity": "sha512-H4KzH+7lH5iTOd/2fkxGuzsBVHq3AkJZm8vAD3DHXd9h1Y23TVZim2v6UmcnO3a4qfxK30YCigyX2qxe0eJrEQ==",
      "requires": {
        "@aws-cdk/core": "1.59.0",
        "constructs": "^3.0.2"
      }
    },
    "@aws-cdk/aws-kinesisfirehose": {
      "version": "1.59.0",
      "resolved": "https://registry.npmjs.org/@aws-cdk/aws-kinesisfirehose/-/aws-kinesisfirehose-1.59.0.tgz",
      "integrity": "sha512-My7nuiopLAlHs1fKEtHYdPRJdHRiNiLWQD8I6dYOrMX/skv4Sqm7V2Q8DRK7WzkzUvHUjf6uLpsgCB6aDGNovw==",
      "requires": {
        "@aws-cdk/core": "1.59.0",
        "constructs": "^3.0.2"
      }
    },
    "@aws-cdk/aws-kms": {
      "version": "1.59.0",
      "resolved": "https://registry.npmjs.org/@aws-cdk/aws-kms/-/aws-kms-1.59.0.tgz",
      "integrity": "sha512-5qUc1DShsJ1AjZnkC0aRpmp9bgwwFO8/WOaXefhGN+VR3TFfwt8Ad9anG2zakXMw5DmYhhvdnj+9uu5M06XVJw==",
      "requires": {
        "@aws-cdk/aws-iam": "1.59.0",
        "@aws-cdk/core": "1.59.0",
        "constructs": "^3.0.2"
      }
    },
    "@aws-cdk/aws-lambda": {
      "version": "1.59.0",
      "resolved": "https://registry.npmjs.org/@aws-cdk/aws-lambda/-/aws-lambda-1.59.0.tgz",
      "integrity": "sha512-f2uq/9S/xcHSYQG19jYD75ac/puRfoQ9yYWyRIhmkx4NXD2r9NF1WGYRMNVO+zVpGqt7/yJlAwz3wTvFfGijAA==",
      "requires": {
        "@aws-cdk/aws-applicationautoscaling": "1.59.0",
        "@aws-cdk/aws-cloudwatch": "1.59.0",
        "@aws-cdk/aws-codeguruprofiler": "1.59.0",
        "@aws-cdk/aws-ec2": "1.59.0",
        "@aws-cdk/aws-efs": "1.59.0",
        "@aws-cdk/aws-events": "1.59.0",
        "@aws-cdk/aws-iam": "1.59.0",
        "@aws-cdk/aws-logs": "1.59.0",
        "@aws-cdk/aws-s3": "1.59.0",
        "@aws-cdk/aws-s3-assets": "1.59.0",
        "@aws-cdk/aws-sqs": "1.59.0",
        "@aws-cdk/core": "1.59.0",
        "@aws-cdk/cx-api": "1.59.0",
        "constructs": "^3.0.2"
      }
    },
    "@aws-cdk/aws-lambda-event-sources": {
      "version": "1.59.0",
      "resolved": "https://registry.npmjs.org/@aws-cdk/aws-lambda-event-sources/-/aws-lambda-event-sources-1.59.0.tgz",
      "integrity": "sha512-7kZVipCuAIoYJPHNoGbD8zHSydHRwXcwyfQeuCK1hCpIK3R9mmScRXE07Ll36UXyGL6N1qxwowyukyF98sO3GA==",
      "requires": {
        "@aws-cdk/aws-apigateway": "1.59.0",
        "@aws-cdk/aws-dynamodb": "1.59.0",
        "@aws-cdk/aws-events": "1.59.0",
        "@aws-cdk/aws-iam": "1.59.0",
        "@aws-cdk/aws-kinesis": "1.59.0",
        "@aws-cdk/aws-lambda": "1.59.0",
        "@aws-cdk/aws-s3": "1.59.0",
        "@aws-cdk/aws-s3-notifications": "1.59.0",
        "@aws-cdk/aws-sns": "1.59.0",
        "@aws-cdk/aws-sns-subscriptions": "1.59.0",
        "@aws-cdk/aws-sqs": "1.59.0",
        "@aws-cdk/core": "1.59.0",
        "constructs": "^3.0.2"
      }
    },
    "@aws-cdk/aws-logs": {
      "version": "1.59.0",
      "resolved": "https://registry.npmjs.org/@aws-cdk/aws-logs/-/aws-logs-1.59.0.tgz",
      "integrity": "sha512-dpMx7W8KBa2MRd3Km+o+SNvUp600hS1XikvEtKTP/Z2rlWlx023u03qJ6WTcv2E1rZpoEq0V7PELzvBiaWzvmQ==",
      "requires": {
        "@aws-cdk/aws-cloudwatch": "1.59.0",
        "@aws-cdk/aws-iam": "1.59.0",
        "@aws-cdk/core": "1.59.0",
        "constructs": "^3.0.2"
      }
    },
    "@aws-cdk/aws-route53": {
      "version": "1.59.0",
      "resolved": "https://registry.npmjs.org/@aws-cdk/aws-route53/-/aws-route53-1.59.0.tgz",
      "integrity": "sha512-NrnZ+CndRBqkGuW9mdxv8AVeT+cxkZQg1J0VcB1slgyR8tFca75EUQmcXhWu/4fLyrrU/5KUeKM4IMYxzMe7tw==",
      "requires": {
        "@aws-cdk/aws-ec2": "1.59.0",
        "@aws-cdk/aws-logs": "1.59.0",
        "@aws-cdk/cloud-assembly-schema": "1.59.0",
        "@aws-cdk/core": "1.59.0",
        "constructs": "^3.0.2"
      }
    },
    "@aws-cdk/aws-s3": {
      "version": "1.59.0",
      "resolved": "https://registry.npmjs.org/@aws-cdk/aws-s3/-/aws-s3-1.59.0.tgz",
      "integrity": "sha512-hdxCBvxVqhzrJ7q6zPV3M6Xcvx0FOrZfIq/608ZnV9uASMUqoWoyssKC8BPxLuQmJg9lMHNOTvz4JEo/tmcINQ==",
      "requires": {
        "@aws-cdk/aws-events": "1.59.0",
        "@aws-cdk/aws-iam": "1.59.0",
        "@aws-cdk/aws-kms": "1.59.0",
        "@aws-cdk/core": "1.59.0",
        "constructs": "^3.0.2"
      }
    },
    "@aws-cdk/aws-s3-assets": {
      "version": "1.59.0",
      "resolved": "https://registry.npmjs.org/@aws-cdk/aws-s3-assets/-/aws-s3-assets-1.59.0.tgz",
      "integrity": "sha512-rkmLi9vXLgYUuPy4a1pnBXxVdDP0KklFmT8zkVhy2jb0ZOPHdQAWNskyU03O6hEfWHTAdjNA+f8OlrfOxYXZ+g==",
      "requires": {
        "@aws-cdk/assets": "1.59.0",
        "@aws-cdk/aws-iam": "1.59.0",
        "@aws-cdk/aws-kms": "1.59.0",
        "@aws-cdk/aws-s3": "1.59.0",
        "@aws-cdk/core": "1.59.0",
        "@aws-cdk/cx-api": "1.59.0",
        "constructs": "^3.0.2"
      }
    },
    "@aws-cdk/aws-s3-notifications": {
      "version": "1.59.0",
      "resolved": "https://registry.npmjs.org/@aws-cdk/aws-s3-notifications/-/aws-s3-notifications-1.59.0.tgz",
      "integrity": "sha512-W3kDM2cFP5WaNUMNyy7UgfpzzWfqm9pLAlj059ytqrk/Xy7xi0yH4ByiuwFOsgHJ1RF8ggWNrSEh4swo38msjw==",
      "requires": {
        "@aws-cdk/aws-iam": "1.59.0",
        "@aws-cdk/aws-lambda": "1.59.0",
        "@aws-cdk/aws-s3": "1.59.0",
        "@aws-cdk/aws-sns": "1.59.0",
        "@aws-cdk/aws-sqs": "1.59.0",
        "@aws-cdk/core": "1.59.0",
        "constructs": "^3.0.2"
      }
    },
    "@aws-cdk/aws-sagemaker": {
      "version": "1.59.0",
      "resolved": "https://registry.npmjs.org/@aws-cdk/aws-sagemaker/-/aws-sagemaker-1.59.0.tgz",
      "integrity": "sha512-BvacFe/Dx1AKdnRRrHx1fFYYYd0s3sgB2ga/t34zquB41rRq9ED2ichdFnkzZJ/gFRjj+HTnHB5kfYwPCh4uYQ==",
      "requires": {
        "@aws-cdk/core": "1.59.0",
        "constructs": "^3.0.2"
      }
    },
    "@aws-cdk/aws-sns": {
      "version": "1.59.0",
      "resolved": "https://registry.npmjs.org/@aws-cdk/aws-sns/-/aws-sns-1.59.0.tgz",
      "integrity": "sha512-q2iOd7rgkrhZ4MqXxEp3JwcxOos2RczY/U9slhmSZdkE/3eBsJr17Qor0q1Gic2Z3jazC1t8QpHxaEbLck3vYQ==",
      "requires": {
        "@aws-cdk/aws-cloudwatch": "1.59.0",
        "@aws-cdk/aws-events": "1.59.0",
        "@aws-cdk/aws-iam": "1.59.0",
        "@aws-cdk/aws-kms": "1.59.0",
        "@aws-cdk/aws-sqs": "1.59.0",
        "@aws-cdk/core": "1.59.0",
        "constructs": "^3.0.2"
      }
    },
    "@aws-cdk/aws-sns-subscriptions": {
      "version": "1.59.0",
      "resolved": "https://registry.npmjs.org/@aws-cdk/aws-sns-subscriptions/-/aws-sns-subscriptions-1.59.0.tgz",
      "integrity": "sha512-ew06PMC8Nyo++rMGoKdA87HNcctyoR0oatNjw3483QUUYRxgio/kLWrbcFX4+iwxnVwKKOOD6aTZmQWb7u9/8w==",
      "requires": {
        "@aws-cdk/aws-iam": "1.59.0",
        "@aws-cdk/aws-lambda": "1.59.0",
        "@aws-cdk/aws-sns": "1.59.0",
        "@aws-cdk/aws-sqs": "1.59.0",
        "@aws-cdk/core": "1.59.0",
        "constructs": "^3.0.2"
      }
    },
    "@aws-cdk/aws-sqs": {
      "version": "1.59.0",
      "resolved": "https://registry.npmjs.org/@aws-cdk/aws-sqs/-/aws-sqs-1.59.0.tgz",
      "integrity": "sha512-8eT1CxxvE2EUqAADiBGmPi4WCJndjrcPAUlc+LODa5qFV4wdANKdZyfYDJ9an4yzJObPe6IdtigLvn3jI7Hxfg==",
      "requires": {
        "@aws-cdk/aws-cloudwatch": "1.59.0",
        "@aws-cdk/aws-iam": "1.59.0",
        "@aws-cdk/aws-kms": "1.59.0",
        "@aws-cdk/core": "1.59.0",
        "constructs": "^3.0.2"
      }
    },
    "@aws-cdk/aws-ssm": {
      "version": "1.59.0",
      "resolved": "https://registry.npmjs.org/@aws-cdk/aws-ssm/-/aws-ssm-1.59.0.tgz",
      "integrity": "sha512-oGHTXoRqG5nuCgcjsA1tq/Z5snCUXXWU1vBioL/8selhukV4HEMm5O03FJiPAEQ31U196PkrRqludG8JJMv8pA==",
      "requires": {
        "@aws-cdk/aws-iam": "1.59.0",
        "@aws-cdk/aws-kms": "1.59.0",
        "@aws-cdk/cloud-assembly-schema": "1.59.0",
        "@aws-cdk/core": "1.59.0",
        "constructs": "^3.0.2"
      }
    },
    "@aws-cdk/aws-stepfunctions": {
      "version": "1.59.0",
      "resolved": "https://registry.npmjs.org/@aws-cdk/aws-stepfunctions/-/aws-stepfunctions-1.59.0.tgz",
      "integrity": "sha512-d2um7clIWx/FOVR0YHt+Yhvpf8veTovuCcowtNluMPzWRUZ8q+VZB3L+erQm/M11osbuC01DRLZno1TiCajS+A==",
      "requires": {
        "@aws-cdk/aws-cloudwatch": "1.59.0",
        "@aws-cdk/aws-events": "1.59.0",
        "@aws-cdk/aws-iam": "1.59.0",
        "@aws-cdk/aws-logs": "1.59.0",
        "@aws-cdk/core": "1.59.0",
        "constructs": "^3.0.2"
      }
    },
    "@aws-cdk/cfnspec": {
      "version": "1.59.0",
      "resolved": "https://registry.npmjs.org/@aws-cdk/cfnspec/-/cfnspec-1.59.0.tgz",
      "integrity": "sha512-Th296cIiWQk2HTtUoA3Tk/2IoMscb+kQrHTmyvh4VIUfoIR6F3gJXTN5+M4hnV4JOHI7QzVlXFTlveL9zENN4w==",
      "dev": true,
      "requires": {
        "md5": "^2.2.1"
      }
    },
    "@aws-cdk/cloud-assembly-schema": {
      "version": "1.59.0",
      "resolved": "https://registry.npmjs.org/@aws-cdk/cloud-assembly-schema/-/cloud-assembly-schema-1.59.0.tgz",
      "integrity": "sha512-RG3jWYmDeqB66U4U+vOoQGjib0wjBwMew3aMElWItcNV8uOfZTPIUUQYItr6/Z78lmyi/qzVjtOWWWzVczEXfA==",
      "requires": {
        "jsonschema": "^1.2.5",
        "semver": "^7.2.2"
      },
      "dependencies": {
        "jsonschema": {
          "version": "1.2.6",
          "bundled": true
        },
        "semver": {
          "version": "7.3.2",
          "bundled": true
        }
      }
    },
    "@aws-cdk/cloudformation-diff": {
      "version": "1.59.0",
      "resolved": "https://registry.npmjs.org/@aws-cdk/cloudformation-diff/-/cloudformation-diff-1.59.0.tgz",
      "integrity": "sha512-0PeDQuvKHp54//claazbnIYvtUlKmW8IAoRLADgU9DyMCHBxyqNNsJrKdC3OxKlgJJiRRVgVZ2qQkmVlbmB73A==",
      "dev": true,
      "requires": {
        "@aws-cdk/cfnspec": "1.59.0",
        "colors": "^1.4.0",
        "diff": "^4.0.2",
        "fast-deep-equal": "^3.1.3",
        "string-width": "^4.2.0",
        "table": "^5.4.6"
      }
    },
    "@aws-cdk/core": {
      "version": "1.59.0",
      "resolved": "https://registry.npmjs.org/@aws-cdk/core/-/core-1.59.0.tgz",
      "integrity": "sha512-BULP1wGAFBbYUk3CNWW39wX3ZVtA/hS5XxfOU0upo7rNOTk2QqgS8JW4YdAJFNQ0Nd5GrUYSeNfXhM92qFfnkA==",
      "requires": {
        "@aws-cdk/cloud-assembly-schema": "1.59.0",
        "@aws-cdk/cx-api": "1.59.0",
        "constructs": "^3.0.2",
        "fs-extra": "^9.0.1",
        "minimatch": "^3.0.4"
      },
      "dependencies": {
        "at-least-node": {
          "version": "1.0.0",
          "bundled": true
        },
        "balanced-match": {
          "version": "1.0.0",
          "bundled": true
        },
        "brace-expansion": {
          "version": "1.1.11",
          "bundled": true,
          "requires": {
            "balanced-match": "^1.0.0",
            "concat-map": "0.0.1"
          }
        },
        "concat-map": {
          "version": "0.0.1",
          "bundled": true
        },
        "fs-extra": {
          "version": "9.0.1",
          "bundled": true,
          "requires": {
            "at-least-node": "^1.0.0",
            "graceful-fs": "^4.2.0",
            "jsonfile": "^6.0.1",
            "universalify": "^1.0.0"
          }
        },
        "graceful-fs": {
          "version": "4.2.3",
          "bundled": true
        },
        "jsonfile": {
          "version": "6.0.1",
          "bundled": true,
          "requires": {
            "graceful-fs": "^4.1.6",
            "universalify": "^1.0.0"
          }
        },
        "minimatch": {
          "version": "3.0.4",
          "bundled": true,
          "requires": {
            "brace-expansion": "^1.1.7"
          }
        },
        "universalify": {
          "version": "1.0.0",
          "bundled": true
        }
      }
    },
    "@aws-cdk/custom-resources": {
      "version": "1.59.0",
      "resolved": "https://registry.npmjs.org/@aws-cdk/custom-resources/-/custom-resources-1.59.0.tgz",
      "integrity": "sha512-nhxyzFTikODnszfbRUfYwlGSXNx9MUBcu8L2EpSBeSDkBSisMM+rstKbW2HcmhiTPZurEsA7Nmx049R4rEhkMg==",
      "requires": {
        "@aws-cdk/aws-cloudformation": "1.59.0",
        "@aws-cdk/aws-iam": "1.59.0",
        "@aws-cdk/aws-lambda": "1.59.0",
        "@aws-cdk/aws-logs": "1.59.0",
        "@aws-cdk/aws-sns": "1.59.0",
        "@aws-cdk/core": "1.59.0",
        "constructs": "^3.0.2"
      }
    },
    "@aws-cdk/cx-api": {
      "version": "1.59.0",
      "resolved": "https://registry.npmjs.org/@aws-cdk/cx-api/-/cx-api-1.59.0.tgz",
      "integrity": "sha512-3FHhwiZGR4dus7SrJ04IQ8nb5zVidX2j5Ahs75oCz9vyNze4/qLbVJBe/0KHBgHwfKrQ3b05J8ytxgZXeezFKw==",
      "requires": {
        "@aws-cdk/cloud-assembly-schema": "1.59.0",
        "semver": "^7.2.2"
      },
      "dependencies": {
        "semver": {
          "version": "7.3.2",
          "bundled": true
        }
      }
    },
    "@aws-cdk/region-info": {
      "version": "1.59.0",
      "resolved": "https://registry.npmjs.org/@aws-cdk/region-info/-/region-info-1.59.0.tgz",
      "integrity": "sha512-RNvLd670L8oXiOKO7QBoenJN8uIKJ54g5YTLlcDve6H1M0g7+IhmY2FNnDlJXnAU3yTNXUQo+ZflbvrYs7L4GQ=="
    },
    "@aws-solutions-constructs/core": {
      "version": "1.59.0",
      "resolved": "https://registry.npmjs.org/@aws-solutions-constructs/core/-/core-1.59.0.tgz",
      "integrity": "sha512-0vF1TrbGDO2Uq75hKUQPvdZ4ybZH2ir4bcyityC8lVNec1Rf4QcSxqyfMxyADkjTtu3Sbh4yugPHI99DYgfQ4Q==",
      "requires": {
        "@aws-cdk/aws-apigateway": "~1.59.0",
        "@aws-cdk/aws-cloudfront": "~1.59.0",
        "@aws-cdk/aws-cloudfront-origins": "~1.59.0",
        "@aws-cdk/aws-cloudwatch": "~1.59.0",
        "@aws-cdk/aws-cognito": "~1.59.0",
        "@aws-cdk/aws-dynamodb": "~1.59.0",
        "@aws-cdk/aws-elasticsearch": "~1.59.0",
        "@aws-cdk/aws-events": "~1.59.0",
        "@aws-cdk/aws-iam": "~1.59.0",
        "@aws-cdk/aws-iot": "~1.59.0",
        "@aws-cdk/aws-kinesis": "~1.59.0",
        "@aws-cdk/aws-kinesisanalytics": "~1.59.0",
        "@aws-cdk/aws-kinesisfirehose": "~1.59.0",
        "@aws-cdk/aws-kms": "~1.59.0",
        "@aws-cdk/aws-lambda": "~1.59.0",
        "@aws-cdk/aws-lambda-event-sources": "~1.59.0",
        "@aws-cdk/aws-logs": "~1.59.0",
        "@aws-cdk/aws-s3": "~1.59.0",
        "@aws-cdk/aws-sns": "~1.59.0",
        "@aws-cdk/aws-sqs": "~1.59.0",
        "@aws-cdk/aws-stepfunctions": "~1.59.0",
        "@aws-cdk/core": "~1.59.0",
        "@types/deep-diff": "^1.0.0",
        "@types/npmlog": "^4.1.2",
        "deep-diff": "^1.0.2",
        "deepmerge": "^4.0.0",
        "npmlog": "^4.1.2"
      },
      "dependencies": {
        "@types/deep-diff": {
          "version": "1.0.0",
          "bundled": true
        },
        "@types/npmlog": {
          "version": "4.1.2",
          "bundled": true
        },
        "ansi-regex": {
          "version": "2.1.1",
          "bundled": true
        },
        "aproba": {
          "version": "1.2.0",
          "bundled": true
        },
        "are-we-there-yet": {
          "version": "1.1.5",
          "bundled": true,
          "requires": {
            "delegates": "^1.0.0",
            "readable-stream": "^2.0.6"
          }
        },
        "code-point-at": {
          "version": "1.1.0",
          "bundled": true
        },
        "console-control-strings": {
          "version": "1.1.0",
          "bundled": true
        },
        "core-util-is": {
          "version": "1.0.2",
          "bundled": true
        },
        "deep-diff": {
          "version": "1.0.2",
          "bundled": true
        },
        "deepmerge": {
          "version": "4.2.2",
          "bundled": true
        },
        "delegates": {
          "version": "1.0.0",
          "bundled": true
        },
        "gauge": {
          "version": "2.7.4",
          "bundled": true,
          "requires": {
            "aproba": "^1.0.3",
            "console-control-strings": "^1.0.0",
            "has-unicode": "^2.0.0",
            "object-assign": "^4.1.0",
            "signal-exit": "^3.0.0",
            "string-width": "^1.0.1",
            "strip-ansi": "^3.0.1",
            "wide-align": "^1.1.0"
          }
        },
        "has-unicode": {
          "version": "2.0.1",
          "bundled": true
        },
        "inherits": {
          "version": "2.0.4",
          "bundled": true
        },
        "is-fullwidth-code-point": {
          "version": "1.0.0",
          "bundled": true,
          "requires": {
            "number-is-nan": "^1.0.0"
          }
        },
        "isarray": {
          "version": "1.0.0",
          "bundled": true
        },
        "npmlog": {
          "version": "4.1.2",
          "bundled": true,
          "requires": {
            "are-we-there-yet": "~1.1.2",
            "console-control-strings": "~1.1.0",
            "gauge": "~2.7.3",
            "set-blocking": "~2.0.0"
          }
        },
        "number-is-nan": {
          "version": "1.0.1",
          "bundled": true
        },
        "object-assign": {
          "version": "4.1.1",
          "bundled": true
        },
        "process-nextick-args": {
          "version": "2.0.1",
          "bundled": true
        },
        "readable-stream": {
          "version": "2.3.7",
          "bundled": true,
          "requires": {
            "core-util-is": "~1.0.0",
            "inherits": "~2.0.3",
            "isarray": "~1.0.0",
            "process-nextick-args": "~2.0.0",
            "safe-buffer": "~5.1.1",
            "string_decoder": "~1.1.1",
            "util-deprecate": "~1.0.1"
          }
        },
        "safe-buffer": {
          "version": "5.1.2",
          "bundled": true
        },
        "set-blocking": {
          "version": "2.0.0",
          "bundled": true
        },
        "signal-exit": {
          "version": "3.0.3",
          "bundled": true
        },
        "string-width": {
          "version": "1.0.2",
          "bundled": true,
          "requires": {
            "code-point-at": "^1.0.0",
            "is-fullwidth-code-point": "^1.0.0",
            "strip-ansi": "^3.0.0"
          }
        },
        "string_decoder": {
          "version": "1.1.1",
          "bundled": true,
          "requires": {
            "safe-buffer": "~5.1.0"
          }
        },
        "strip-ansi": {
          "version": "3.0.1",
          "bundled": true,
          "requires": {
            "ansi-regex": "^2.0.0"
          }
        },
        "util-deprecate": {
          "version": "1.0.2",
          "bundled": true
        },
        "wide-align": {
          "version": "1.1.3",
          "bundled": true,
          "requires": {
            "string-width": "^1.0.2 || 2"
          },
          "dependencies": {
            "ansi-regex": {
              "version": "3.0.0",
              "bundled": true
            },
            "is-fullwidth-code-point": {
              "version": "2.0.0",
              "bundled": true
            },
            "string-width": {
              "version": "2.1.1",
              "bundled": true,
              "requires": {
                "is-fullwidth-code-point": "^2.0.0",
                "strip-ansi": "^4.0.0"
              }
            },
            "strip-ansi": {
              "version": "4.0.0",
              "bundled": true,
              "requires": {
                "ansi-regex": "^3.0.0"
              }
            }
          }
        }
      }
    },
    "@jest/types": {
      "version": "24.9.0",
      "resolved": "https://registry.npmjs.org/@jest/types/-/types-24.9.0.tgz",
      "integrity": "sha512-XKK7ze1apu5JWQ5eZjHITP66AX+QsLlbaJRBGYr8pNzwcAE2JVkwnf0yqjHTsDRcjR0mujy/NmZMXw5kl+kGBw==",
      "dev": true,
      "requires": {
        "@types/istanbul-lib-coverage": "^2.0.0",
        "@types/istanbul-reports": "^1.1.1",
        "@types/yargs": "^13.0.0"
      }
    },
    "@types/istanbul-lib-coverage": {
      "version": "2.0.3",
      "resolved": "https://registry.npmjs.org/@types/istanbul-lib-coverage/-/istanbul-lib-coverage-2.0.3.tgz",
      "integrity": "sha512-sz7iLqvVUg1gIedBOvlkxPlc8/uVzyS5OwGz1cKjXzkl3FpL3al0crU8YGU1WoHkxn0Wxbw5tyi6hvzJKNzFsw==",
      "dev": true
    },
    "@types/istanbul-lib-report": {
      "version": "3.0.0",
      "resolved": "https://registry.npmjs.org/@types/istanbul-lib-report/-/istanbul-lib-report-3.0.0.tgz",
      "integrity": "sha512-plGgXAPfVKFoYfa9NpYDAkseG+g6Jr294RqeqcqDixSbU34MZVJRi/P+7Y8GDpzkEwLaGZZOpKIEmeVZNtKsrg==",
      "dev": true,
      "requires": {
        "@types/istanbul-lib-coverage": "*"
      }
    },
    "@types/istanbul-reports": {
      "version": "1.1.2",
      "resolved": "https://registry.npmjs.org/@types/istanbul-reports/-/istanbul-reports-1.1.2.tgz",
      "integrity": "sha512-P/W9yOX/3oPZSpaYOCQzGqgCQRXn0FFO/V8bWrCQs+wLmvVVxk6CRBXALEvNs9OHIatlnlFokfhuDo2ug01ciw==",
      "dev": true,
      "requires": {
        "@types/istanbul-lib-coverage": "*",
        "@types/istanbul-lib-report": "*"
      }
    },
    "@types/jest": {
      "version": "24.9.1",
      "resolved": "https://registry.npmjs.org/@types/jest/-/jest-24.9.1.tgz",
      "integrity": "sha512-Fb38HkXSVA4L8fGKEZ6le5bB8r6MRWlOCZbVuWZcmOMSCd2wCYOwN1ibj8daIoV9naq7aaOZjrLCoCMptKU/4Q==",
      "dev": true,
      "requires": {
        "jest-diff": "^24.3.0"
      }
    },
    "@types/node": {
      "version": "10.17.28",
      "resolved": "https://registry.npmjs.org/@types/node/-/node-10.17.28.tgz",
      "integrity": "sha512-dzjES1Egb4c1a89C7lKwQh8pwjYmlOAG9dW1pBgxEk57tMrLnssOfEthz8kdkNaBd7lIqQx7APm5+mZ619IiCQ==",
      "dev": true
    },
    "@types/yargs": {
      "version": "13.0.10",
      "resolved": "https://registry.npmjs.org/@types/yargs/-/yargs-13.0.10.tgz",
      "integrity": "sha512-MU10TSgzNABgdzKvQVW1nuuT+sgBMWeXNc3XOs5YXV5SDAK+PPja2eUuBNB9iqElu03xyEDqlnGw0jgl4nbqGQ==",
      "dev": true,
      "requires": {
        "@types/yargs-parser": "*"
      }
    },
    "@types/yargs-parser": {
      "version": "15.0.0",
      "resolved": "https://registry.npmjs.org/@types/yargs-parser/-/yargs-parser-15.0.0.tgz",
      "integrity": "sha512-FA/BWv8t8ZWJ+gEOnLLd8ygxH/2UFbAvgEonyfN6yWGLKc7zVjbpl2Y4CTjid9h2RfgPP6SEt6uHwEOply00yw==",
      "dev": true
    },
    "ajv": {
      "version": "6.12.4",
      "resolved": "https://registry.npmjs.org/ajv/-/ajv-6.12.4.tgz",
      "integrity": "sha512-eienB2c9qVQs2KWexhkrdMLVDoIQCz5KSeLxwg9Lzk4DOfBtIK9PQwwufcsn1jjGuf9WZmqPMbGxOzfcuphJCQ==",
      "dev": true,
      "requires": {
        "fast-deep-equal": "^3.1.1",
        "fast-json-stable-stringify": "^2.0.0",
        "json-schema-traverse": "^0.4.1",
        "uri-js": "^4.2.2"
      }
    },
    "ansi-regex": {
      "version": "5.0.0",
      "resolved": "https://registry.npmjs.org/ansi-regex/-/ansi-regex-5.0.0.tgz",
      "integrity": "sha512-bY6fj56OUQ0hU1KjFNDQuJFezqKdrAyFdIevADiqrWHwSlbmBNMHp5ak2f40Pm8JTFyM2mqxkG6ngkHO11f/lg==",
      "dev": true
    },
    "ansi-styles": {
      "version": "3.2.1",
      "resolved": "https://registry.npmjs.org/ansi-styles/-/ansi-styles-3.2.1.tgz",
      "integrity": "sha512-VT0ZI6kZRdTh8YyJw3SMbYm/u+NqfsAxEpWO0Pf9sq8/e94WxxOpPKx9FR1FlyCtOVDNOQ+8ntlqFxiRc+r5qA==",
      "dev": true,
      "requires": {
        "color-convert": "^1.9.0"
      }
    },
    "astral-regex": {
      "version": "1.0.0",
      "resolved": "https://registry.npmjs.org/astral-regex/-/astral-regex-1.0.0.tgz",
      "integrity": "sha512-+Ryf6g3BKoRc7jfp7ad8tM4TtMiaWvbF/1/sQcZPkkS7ag3D5nMBCe2UfOTONtAkaG0tO0ij3C5Lwmf1EiyjHg==",
      "dev": true
    },
    "chalk": {
      "version": "2.4.2",
      "resolved": "https://registry.npmjs.org/chalk/-/chalk-2.4.2.tgz",
      "integrity": "sha512-Mti+f9lpJNcwF4tWV8/OrTTtF1gZi+f8FqlyAdouralcFWFQWF2+NgCHShjkCb+IFBLq9buZwE1xckQU4peSuQ==",
      "dev": true,
      "requires": {
        "ansi-styles": "^3.2.1",
        "escape-string-regexp": "^1.0.5",
        "supports-color": "^5.3.0"
      }
    },
    "charenc": {
      "version": "0.0.2",
      "resolved": "https://registry.npmjs.org/charenc/-/charenc-0.0.2.tgz",
      "integrity": "sha1-wKHS86cJLgN3S/qD8UwPxXkKhmc=",
      "dev": true
    },
    "color-convert": {
      "version": "1.9.3",
      "resolved": "https://registry.npmjs.org/color-convert/-/color-convert-1.9.3.tgz",
      "integrity": "sha512-QfAUtd+vFdAtFQcC8CCyYt1fYWxSqAiK2cSD6zDB8N3cpsEBAvRxp9zOGg6G/SHHJYAT88/az/IuDGALsNVbGg==",
      "dev": true,
      "requires": {
        "color-name": "1.1.3"
      }
    },
    "color-name": {
      "version": "1.1.3",
      "resolved": "https://registry.npmjs.org/color-name/-/color-name-1.1.3.tgz",
      "integrity": "sha1-p9BVi9icQveV3UIyj3QIMcpTvCU=",
      "dev": true
    },
    "colors": {
      "version": "1.4.0",
      "resolved": "https://registry.npmjs.org/colors/-/colors-1.4.0.tgz",
      "integrity": "sha512-a+UqTh4kgZg/SlGvfbzDHpgRu7AAQOmmqRHJnxhRZICKFUT91brVhNNt58CMWU9PsBbv3PDCZUHbVxuDiH2mtA==",
      "dev": true
    },
    "constructs": {
      "version": "3.0.4",
      "resolved": "https://registry.npmjs.org/constructs/-/constructs-3.0.4.tgz",
      "integrity": "sha512-CDvg7gMjphE3DFX4pzkF6j73NREbR8npPFW8Mx/CLRnMR035+Y1o1HrXIsNSss/dq3ZUnNTU9jKyd3fL9EOlfw=="
    },
    "crypt": {
      "version": "0.0.2",
      "resolved": "https://registry.npmjs.org/crypt/-/crypt-0.0.2.tgz",
      "integrity": "sha1-iNf/fsDfuG9xPch7u0LQRNPmxBs=",
      "dev": true
    },
    "diff": {
      "version": "4.0.2",
      "resolved": "https://registry.npmjs.org/diff/-/diff-4.0.2.tgz",
      "integrity": "sha512-58lmxKSA4BNyLz+HHMUzlOEpg09FV+ev6ZMe3vJihgdxzgcwZ8VoEEPmALCZG9LmqfVoNMMKpttIYTVG6uDY7A==",
      "dev": true
    },
    "diff-sequences": {
      "version": "24.9.0",
      "resolved": "https://registry.npmjs.org/diff-sequences/-/diff-sequences-24.9.0.tgz",
      "integrity": "sha512-Dj6Wk3tWyTE+Fo1rW8v0Xhwk80um6yFYKbuAxc9c3EZxIHFDYwbi34Uk42u1CdnIiVorvt4RmlSDjIPyzGC2ew==",
      "dev": true
    },
    "emoji-regex": {
      "version": "8.0.0",
      "resolved": "https://registry.npmjs.org/emoji-regex/-/emoji-regex-8.0.0.tgz",
      "integrity": "sha512-MSjYzcWNOA0ewAHpz0MxpYFvwg6yjy1NG3xteoqz644VCo/RPgnr1/GGt+ic3iJTzQ8Eu3TdM14SawnVUmGE6A==",
      "dev": true
    },
    "escape-string-regexp": {
      "version": "1.0.5",
      "resolved": "https://registry.npmjs.org/escape-string-regexp/-/escape-string-regexp-1.0.5.tgz",
      "integrity": "sha1-G2HAViGQqN/2rjuyzwIAyhMLhtQ=",
      "dev": true
    },
    "fast-deep-equal": {
      "version": "3.1.3",
      "resolved": "https://registry.npmjs.org/fast-deep-equal/-/fast-deep-equal-3.1.3.tgz",
      "integrity": "sha512-f3qQ9oQy9j2AhBe/H9VC91wLmKBCCU/gDOnKNAYG5hswO7BLKj09Hc5HYNz9cGI++xlpDCIgDaitVs03ATR84Q==",
      "dev": true
    },
    "fast-json-stable-stringify": {
      "version": "2.1.0",
      "resolved": "https://registry.npmjs.org/fast-json-stable-stringify/-/fast-json-stable-stringify-2.1.0.tgz",
      "integrity": "sha512-lhd/wF+Lk98HZoTCtlVraHtfh5XYijIjalXck7saUtuanSDyLMxnHhSXEDJqHxD7msR8D0uCmqlkwjCV8xvwHw==",
      "dev": true
    },
    "has-flag": {
      "version": "3.0.0",
      "resolved": "https://registry.npmjs.org/has-flag/-/has-flag-3.0.0.tgz",
      "integrity": "sha1-tdRU3CGZriJWmfNGfloH87lVuv0=",
      "dev": true
    },
    "is-buffer": {
      "version": "1.1.6",
      "resolved": "https://registry.npmjs.org/is-buffer/-/is-buffer-1.1.6.tgz",
      "integrity": "sha512-NcdALwpXkTm5Zvvbk7owOUSvVvBKDgKP5/ewfXEznmQFfs4ZRmanOeKBTjRVjka3QFoN6XJ+9F3USqfHqTaU5w==",
      "dev": true
    },
    "is-fullwidth-code-point": {
      "version": "3.0.0",
      "resolved": "https://registry.npmjs.org/is-fullwidth-code-point/-/is-fullwidth-code-point-3.0.0.tgz",
      "integrity": "sha512-zymm5+u+sCsSWyD9qNaejV3DFvhCKclKdizYaJUuHA83RLjb7nSuGnddCHGv0hk+KY7BMAlsWeK4Ueg6EV6XQg==",
      "dev": true
    },
    "jest-diff": {
      "version": "24.9.0",
      "resolved": "https://registry.npmjs.org/jest-diff/-/jest-diff-24.9.0.tgz",
      "integrity": "sha512-qMfrTs8AdJE2iqrTp0hzh7kTd2PQWrsFyj9tORoKmu32xjPjeE4NyjVRDz8ybYwqS2ik8N4hsIpiVTyFeo2lBQ==",
      "dev": true,
      "requires": {
        "chalk": "^2.0.1",
        "diff-sequences": "^24.9.0",
        "jest-get-type": "^24.9.0",
        "pretty-format": "^24.9.0"
      }
    },
    "jest-get-type": {
      "version": "24.9.0",
      "resolved": "https://registry.npmjs.org/jest-get-type/-/jest-get-type-24.9.0.tgz",
      "integrity": "sha512-lUseMzAley4LhIcpSP9Jf+fTrQ4a1yHQwLNeeVa2cEmbCGeoZAtYPOIv8JaxLD/sUpKxetKGP+gsHl8f8TSj8Q==",
      "dev": true
    },
    "json-schema-traverse": {
      "version": "0.4.1",
      "resolved": "https://registry.npmjs.org/json-schema-traverse/-/json-schema-traverse-0.4.1.tgz",
      "integrity": "sha512-xbbCH5dCYU5T8LcEhhuh7HJ88HXuW3qsI3Y0zOZFKfZEHcpWiHU/Jxzk629Brsab/mMiHQti9wMP+845RPe3Vg==",
      "dev": true
    },
    "lodash": {
      "version": "4.17.20",
      "resolved": "https://registry.npmjs.org/lodash/-/lodash-4.17.20.tgz",
      "integrity": "sha512-PlhdFcillOINfeV7Ni6oF1TAEayyZBoZ8bcshTHqOYJYlrqzRK5hagpagky5o4HfCzzd1TRkXPMFq6cKk9rGmA==",
      "dev": true
    },
    "md5": {
      "version": "2.3.0",
      "resolved": "https://registry.npmjs.org/md5/-/md5-2.3.0.tgz",
      "integrity": "sha512-T1GITYmFaKuO91vxyoQMFETst+O71VUPEU3ze5GNzDm0OWdP8v1ziTaAEPUr/3kLsY3Sftgz242A1SetQiDL7g==",
      "dev": true,
      "requires": {
        "charenc": "0.0.2",
        "crypt": "0.0.2",
        "is-buffer": "~1.1.6"
      }
    },
    "pretty-format": {
      "version": "24.9.0",
      "resolved": "https://registry.npmjs.org/pretty-format/-/pretty-format-24.9.0.tgz",
      "integrity": "sha512-00ZMZUiHaJrNfk33guavqgvfJS30sLYf0f8+Srklv0AMPodGGHcoHgksZ3OThYnIvOd+8yMCn0YiEOogjlgsnA==",
      "dev": true,
      "requires": {
        "@jest/types": "^24.9.0",
        "ansi-regex": "^4.0.0",
        "ansi-styles": "^3.2.0",
        "react-is": "^16.8.4"
      },
      "dependencies": {
        "ansi-regex": {
          "version": "4.1.0",
          "resolved": "https://registry.npmjs.org/ansi-regex/-/ansi-regex-4.1.0.tgz",
          "integrity": "sha512-1apePfXM1UOSqw0o9IiFAovVz9M5S1Dg+4TrDwfMewQ6p/rmMueb7tWZjQ1rx4Loy1ArBggoqGpfqqdI4rondg==",
          "dev": true
        }
      }
    },
    "punycode": {
      "version": "2.1.1",
      "resolved": "https://registry.npmjs.org/punycode/-/punycode-2.1.1.tgz",
      "integrity": "sha512-XRsRjdf+j5ml+y/6GKHPZbrF/8p2Yga0JPtdqTIY2Xe5ohJPD9saDJJLPvp9+NSBprVvevdXZybnj2cv8OEd0A==",
      "dev": true
    },
    "react-is": {
      "version": "16.13.1",
      "resolved": "https://registry.npmjs.org/react-is/-/react-is-16.13.1.tgz",
      "integrity": "sha512-24e6ynE2H+OKt4kqsOvNd8kBpV65zoxbA4BVsEOB3ARVWQki/DHzaUoC5KuON/BiccDaCCTZBuOcfZs70kR8bQ==",
      "dev": true
    },
    "slice-ansi": {
      "version": "2.1.0",
      "resolved": "https://registry.npmjs.org/slice-ansi/-/slice-ansi-2.1.0.tgz",
      "integrity": "sha512-Qu+VC3EwYLldKa1fCxuuvULvSJOKEgk9pi8dZeCVK7TqBfUNTH4sFkk4joj8afVSfAYgJoSOetjx9QWOJ5mYoQ==",
      "dev": true,
      "requires": {
        "ansi-styles": "^3.2.0",
        "astral-regex": "^1.0.0",
        "is-fullwidth-code-point": "^2.0.0"
      },
      "dependencies": {
        "is-fullwidth-code-point": {
          "version": "2.0.0",
          "resolved": "https://registry.npmjs.org/is-fullwidth-code-point/-/is-fullwidth-code-point-2.0.0.tgz",
          "integrity": "sha1-o7MKXE8ZkYMWeqq5O+764937ZU8=",
          "dev": true
        }
      }
    },
    "string-width": {
      "version": "4.2.0",
      "resolved": "https://registry.npmjs.org/string-width/-/string-width-4.2.0.tgz",
      "integrity": "sha512-zUz5JD+tgqtuDjMhwIg5uFVV3dtqZ9yQJlZVfq4I01/K5Paj5UHj7VyrQOJvzawSVlKpObApbfD0Ed6yJc+1eg==",
      "dev": true,
      "requires": {
        "emoji-regex": "^8.0.0",
        "is-fullwidth-code-point": "^3.0.0",
        "strip-ansi": "^6.0.0"
      }
    },
    "strip-ansi": {
      "version": "6.0.0",
      "resolved": "https://registry.npmjs.org/strip-ansi/-/strip-ansi-6.0.0.tgz",
      "integrity": "sha512-AuvKTrTfQNYNIctbR1K/YGTR1756GycPsg7b9bdV9Duqur4gv6aKqHXah67Z8ImS7WEz5QVcOtlfW2rZEugt6w==",
      "dev": true,
      "requires": {
        "ansi-regex": "^5.0.0"
      }
    },
    "supports-color": {
      "version": "5.5.0",
      "resolved": "https://registry.npmjs.org/supports-color/-/supports-color-5.5.0.tgz",
      "integrity": "sha512-QjVjwdXIt408MIiAqCX4oUKsgU2EqAGzs2Ppkm4aQYbjm+ZEWEcW4SfFNTr4uMNZma0ey4f5lgLrkB0aX0QMow==",
      "dev": true,
      "requires": {
        "has-flag": "^3.0.0"
      }
    },
    "table": {
      "version": "5.4.6",
      "resolved": "https://registry.npmjs.org/table/-/table-5.4.6.tgz",
      "integrity": "sha512-wmEc8m4fjnob4gt5riFRtTu/6+4rSe12TpAELNSqHMfF3IqnA+CH37USM6/YR3qRZv7e56kAEAtd6nKZaxe0Ug==",
      "dev": true,
      "requires": {
        "ajv": "^6.10.2",
        "lodash": "^4.17.14",
        "slice-ansi": "^2.1.0",
        "string-width": "^3.0.0"
      },
      "dependencies": {
        "ansi-regex": {
          "version": "4.1.0",
          "resolved": "https://registry.npmjs.org/ansi-regex/-/ansi-regex-4.1.0.tgz",
          "integrity": "sha512-1apePfXM1UOSqw0o9IiFAovVz9M5S1Dg+4TrDwfMewQ6p/rmMueb7tWZjQ1rx4Loy1ArBggoqGpfqqdI4rondg==",
          "dev": true
        },
        "emoji-regex": {
          "version": "7.0.3",
          "resolved": "https://registry.npmjs.org/emoji-regex/-/emoji-regex-7.0.3.tgz",
          "integrity": "sha512-CwBLREIQ7LvYFB0WyRvwhq5N5qPhc6PMjD6bYggFlI5YyDgl+0vxq5VHbMOFqLg7hfWzmu8T5Z1QofhmTIhItA==",
          "dev": true
        },
        "is-fullwidth-code-point": {
          "version": "2.0.0",
          "resolved": "https://registry.npmjs.org/is-fullwidth-code-point/-/is-fullwidth-code-point-2.0.0.tgz",
          "integrity": "sha1-o7MKXE8ZkYMWeqq5O+764937ZU8=",
          "dev": true
        },
        "string-width": {
          "version": "3.1.0",
          "resolved": "https://registry.npmjs.org/string-width/-/string-width-3.1.0.tgz",
          "integrity": "sha512-vafcv6KjVZKSgz06oM/H6GDBrAtz8vdhQakGjFIvNrHA6y3HCF1CInLy+QLq8dTJPQ1b+KDUqDFctkdRW44e1w==",
          "dev": true,
          "requires": {
            "emoji-regex": "^7.0.1",
            "is-fullwidth-code-point": "^2.0.0",
            "strip-ansi": "^5.1.0"
          }
        },
        "strip-ansi": {
          "version": "5.2.0",
          "resolved": "https://registry.npmjs.org/strip-ansi/-/strip-ansi-5.2.0.tgz",
          "integrity": "sha512-DuRs1gKbBqsMKIZlrffwlug8MHkcnpjs5VPmL1PAh+mA30U0DTotfDZ0d2UUsXpPmPmMMJ6W773MaA3J+lbiWA==",
          "dev": true,
          "requires": {
            "ansi-regex": "^4.1.0"
          }
        }
      }
    },
    "uri-js": {
      "version": "4.2.2",
      "resolved": "https://registry.npmjs.org/uri-js/-/uri-js-4.2.2.tgz",
      "integrity": "sha512-KY9Frmirql91X2Qgjry0Wd4Y+YTdrdZheS8TFwvkbLWf/G5KNJDCh6pKL5OZctEW4+0Baa5idK2ZQuELRwPznQ==",
      "dev": true,
      "requires": {
        "punycode": "^2.1.0"
      }
    }
  }
}
